// !$*UTF8*$!
{
	archiveVersion = 1;
	classes = {
	};
	objectVersion = 51;
	objects = {

/* Begin PBXBuildFile section */
		1863A164E9AC782E06E10985 /* Pods_Appt.framework in Frameworks */ = {isa = PBXBuildFile; fileRef = BBA31FA3AB2D3D421D9F9827 /* Pods_Appt.framework */; };
		230BE9AD2636EEFE0026A90B /* MultilineButton.swift in Sources */ = {isa = PBXBuildFile; fileRef = 230BE9AC2636EEFE0026A90B /* MultilineButton.swift */; };
		232D74EA264E771200937E0D /* SubjectListViewController.swift in Sources */ = {isa = PBXBuildFile; fileRef = 232D74E9264E771200937E0D /* SubjectListViewController.swift */; };
		232D74ED264E779400937E0D /* ImageTitleTableViewCell.swift in Sources */ = {isa = PBXBuildFile; fileRef = 232D74EB264E779400937E0D /* ImageTitleTableViewCell.swift */; };
		232D74EE264E779400937E0D /* ImageTitleTableViewCell.xib in Resources */ = {isa = PBXBuildFile; fileRef = 232D74EC264E779400937E0D /* ImageTitleTableViewCell.xib */; };
		232D74F1264E8ED500937E0D /* ViewEmbedder.swift in Sources */ = {isa = PBXBuildFile; fileRef = 232D74F0264E8ED500937E0D /* ViewEmbedder.swift */; };
		232D74F4264E979800937E0D /* BlocksCollectionSectionHeaderView.swift in Sources */ = {isa = PBXBuildFile; fileRef = 232D74F2264E979700937E0D /* BlocksCollectionSectionHeaderView.swift */; };
		2338B342264D49C100D47FC7 /* HomeViewController.swift in Sources */ = {isa = PBXBuildFile; fileRef = 2338B341264D49C100D47FC7 /* HomeViewController.swift */; };
		2338B344264D50BF00D47FC7 /* SubjectBlocksViewController.swift in Sources */ = {isa = PBXBuildFile; fileRef = 2338B343264D50BF00D47FC7 /* SubjectBlocksViewController.swift */; };
		2338B349264D569C00D47FC7 /* CategoryCollectionViewCell.swift in Sources */ = {isa = PBXBuildFile; fileRef = 2338B347264D569C00D47FC7 /* CategoryCollectionViewCell.swift */; };
		2338B34A264D569C00D47FC7 /* CategoryCollectionViewCell.xib in Resources */ = {isa = PBXBuildFile; fileRef = 2338B348264D569C00D47FC7 /* CategoryCollectionViewCell.xib */; };
		2338B34C264D7F3200D47FC7 /* Subject.swift in Sources */ = {isa = PBXBuildFile; fileRef = 2338B34B264D7F3200D47FC7 /* Subject.swift */; };
		233FB2342639782E0031E58C /* _UITextField.swift in Sources */ = {isa = PBXBuildFile; fileRef = 233FB2332639782E0031E58C /* _UITextField.swift */; };
		233FB236263991150031E58C /* PaddingLabel.swift in Sources */ = {isa = PBXBuildFile; fileRef = 233FB235263991150031E58C /* PaddingLabel.swift */; };
		233FB2382639914D0031E58C /* AuthenticationTextField.swift in Sources */ = {isa = PBXBuildFile; fileRef = 233FB2372639914D0031E58C /* AuthenticationTextField.swift */; };
		233FB23A263994990031E58C /* Constants.swift in Sources */ = {isa = PBXBuildFile; fileRef = 233FB239263994990031E58C /* Constants.swift */; };
		234059A82636C4E500C06463 /* Authentication.storyboard in Resources */ = {isa = PBXBuildFile; fileRef = 234059A72636C4E500C06463 /* Authentication.storyboard */; };
		234059B12636C65300C06463 /* WelcomeViewController.swift in Sources */ = {isa = PBXBuildFile; fileRef = 234059B02636C65300C06463 /* WelcomeViewController.swift */; };
		2362C2FA264AA0FF00C4FEE7 /* SecondaryMultilineButton.swift in Sources */ = {isa = PBXBuildFile; fileRef = 2362C2F9264AA0FF00C4FEE7 /* SecondaryMultilineButton.swift */; };
		2362C2FC264AA1CA00C4FEE7 /* PrimaryMultilineButton.swift in Sources */ = {isa = PBXBuildFile; fileRef = 2362C2FB264AA1CA00C4FEE7 /* PrimaryMultilineButton.swift */; };
		2362C2FE264AAFE800C4FEE7 /* LoginViewController.swift in Sources */ = {isa = PBXBuildFile; fileRef = 2362C2FD264AAFE800C4FEE7 /* LoginViewController.swift */; };
		2362C300264AC3A300C4FEE7 /* EmailEntryViewController.swift in Sources */ = {isa = PBXBuildFile; fileRef = 2362C2FF264AC3A300C4FEE7 /* EmailEntryViewController.swift */; };
		238BF9D1264C026E00F0CB0D /* NewPasswordViewController.swift in Sources */ = {isa = PBXBuildFile; fileRef = 238BF9D0264C026E00F0CB0D /* NewPasswordViewController.swift */; };
		238C8193264E711C00417477 /* data.json in Resources */ = {isa = PBXBuildFile; fileRef = 238C8192264E711C00417477 /* data.json */; };
		239BF6FE264C2E490068EC13 /* UserType.swift in Sources */ = {isa = PBXBuildFile; fileRef = 239BF6FD264C2E490068EC13 /* UserType.swift */; };
		23CCFA05263813F000F9F4A9 /* UserTypeViewController.swift in Sources */ = {isa = PBXBuildFile; fileRef = 23CCFA04263813F000F9F4A9 /* UserTypeViewController.swift */; };
		23FD95F626394CBB0029F77B /* RegistrationViewController.swift in Sources */ = {isa = PBXBuildFile; fileRef = 23FD95F526394CBB0029F77B /* RegistrationViewController.swift */; };
		2804152A2518E89700B48F60 /* VoiceOverSelectionView.swift in Sources */ = {isa = PBXBuildFile; fileRef = 280415292518E89700B48F60 /* VoiceOverSelectionView.swift */; };
		2804152D2518E8A300B48F60 /* VoiceOverSelectionView.xib in Resources */ = {isa = PBXBuildFile; fileRef = 2804152C2518E8A300B48F60 /* VoiceOverSelectionView.xib */; };
		28051BD124CB11AC008EEB1E /* SwipeGestureView.swift in Sources */ = {isa = PBXBuildFile; fileRef = 28051BD024CB11AC008EEB1E /* SwipeGestureView.swift */; };
		28051BDD24CB343D008EEB1E /* Position.swift in Sources */ = {isa = PBXBuildFile; fileRef = 28051BDC24CB343D008EEB1E /* Position.swift */; };
		281BD80024A92DF500B556A7 /* TapGestureView.swift in Sources */ = {isa = PBXBuildFile; fileRef = 281BD7FF24A92DF500B556A7 /* TapGestureView.swift */; };
		281F87FC24D172B5004AABC2 /* TableViewController.swift in Sources */ = {isa = PBXBuildFile; fileRef = 281F87FB24D172B5004AABC2 /* TableViewController.swift */; };
		282F607224A3E688005B1279 /* GestureView.swift in Sources */ = {isa = PBXBuildFile; fileRef = 282F607124A3E688005B1279 /* GestureView.swift */; };
		2835A05E2524B47D0011C788 /* Direction.swift in Sources */ = {isa = PBXBuildFile; fileRef = 2835A05D2524B47D0011C788 /* Direction.swift */; };
		2840D9CA24D45808000FB3E6 /* TouchGestureView.swift in Sources */ = {isa = PBXBuildFile; fileRef = 2840D9C924D45808000FB3E6 /* TouchGestureView.swift */; };
		2840D9CE24D45B34000FB3E6 /* RotationGestureView.swift in Sources */ = {isa = PBXBuildFile; fileRef = 2840D9CD24D45B34000FB3E6 /* RotationGestureView.swift */; };
		2841518E2525DAE100CB3750 /* Events.swift in Sources */ = {isa = PBXBuildFile; fileRef = 2841518D2525DAE100CB3750 /* Events.swift */; };
		2843827F24ED6D4F0015B2C5 /* Alert.swift in Sources */ = {isa = PBXBuildFile; fileRef = 2843827E24ED6D4F0015B2C5 /* Alert.swift */; };
		2852CF062486AA820063F3E4 /* _UIAccessibility.swift in Sources */ = {isa = PBXBuildFile; fileRef = 2852CF052486AA820063F3E4 /* _UIAccessibility.swift */; };
		28639F5125E3F9F200C29BB5 /* KnowledgeViewController.swift in Sources */ = {isa = PBXBuildFile; fileRef = 28639F5025E3F9F200C29BB5 /* KnowledgeViewController.swift */; };
		28639F7325E4047C00C29BB5 /* NavigationController.swift in Sources */ = {isa = PBXBuildFile; fileRef = 28639F7225E4047C00C29BB5 /* NavigationController.swift */; };
		2869ABFD24F7C503004962A7 /* style.css in Resources */ = {isa = PBXBuildFile; fileRef = 2869ABFC24F7C503004962A7 /* style.css */; };
		2869ABFF24F7C84E004962A7 /* VoiceOverHeadingsView.swift in Sources */ = {isa = PBXBuildFile; fileRef = 2869ABFE24F7C84E004962A7 /* VoiceOverHeadingsView.swift */; };
		2869AC0124F7C865004962A7 /* VoiceOverHeadingsView.xib in Resources */ = {isa = PBXBuildFile; fileRef = 2869AC0024F7C865004962A7 /* VoiceOverHeadingsView.xib */; };
		2869AC0324F7CE35004962A7 /* VoiceOverView.swift in Sources */ = {isa = PBXBuildFile; fileRef = 2869AC0224F7CE35004962A7 /* VoiceOverView.swift */; };
		286A093B24FD38E600B4DBBE /* VoiceOverActionViewController.swift in Sources */ = {isa = PBXBuildFile; fileRef = 286A093A24FD38E600B4DBBE /* VoiceOverActionViewController.swift */; };
		287063C724A380F9004E87AF /* MoreViewController.swift in Sources */ = {isa = PBXBuildFile; fileRef = 287063C624A380F9004E87AF /* MoreViewController.swift */; };
		287063C924A38A37004E87AF /* VoiceOverGestureViewController.swift in Sources */ = {isa = PBXBuildFile; fileRef = 287063C824A38A37004E87AF /* VoiceOverGestureViewController.swift */; };
		2870FF1C2525FC0F00377B44 /* TextField.swift in Sources */ = {isa = PBXBuildFile; fileRef = 2870FF1B2525FC0F00377B44 /* TextField.swift */; };
		287468E2247E60BB0089BB32 /* Content.swift in Sources */ = {isa = PBXBuildFile; fileRef = 287468E1247E60BB0089BB32 /* Content.swift */; };
		287468E5247E63A50089BB32 /* _UICollectionView.swift in Sources */ = {isa = PBXBuildFile; fileRef = 287468E4247E63A50089BB32 /* _UICollectionView.swift */; };
		287468E7247E63CD0089BB32 /* _UIFont.swift in Sources */ = {isa = PBXBuildFile; fileRef = 287468E6247E63CD0089BB32 /* _UIFont.swift */; };
		287468E9247E64930089BB32 /* _UIView.swift in Sources */ = {isa = PBXBuildFile; fileRef = 287468E8247E64930089BB32 /* _UIView.swift */; };
		287468EB247E64A60089BB32 /* _UITableView.swift in Sources */ = {isa = PBXBuildFile; fileRef = 287468EA247E64A60089BB32 /* _UITableView.swift */; };
		287468ED247E64F90089BB32 /* _DispatchQueue.swift in Sources */ = {isa = PBXBuildFile; fileRef = 287468EC247E64F90089BB32 /* _DispatchQueue.swift */; };
		287468F2247E65620089BB32 /* TitleTableViewCell.swift in Sources */ = {isa = PBXBuildFile; fileRef = 287468F1247E65620089BB32 /* TitleTableViewCell.swift */; };
		287468F4247E65C80089BB32 /* TitleTableViewCell.xib in Resources */ = {isa = PBXBuildFile; fileRef = 287468F3247E65C80089BB32 /* TitleTableViewCell.xib */; };
		287468F6247E675C0089BB32 /* _String.swift in Sources */ = {isa = PBXBuildFile; fileRef = 287468F5247E675C0089BB32 /* _String.swift */; };
		2875FF3F24FFA5670049A6B9 /* VoiceOverLinksView.swift in Sources */ = {isa = PBXBuildFile; fileRef = 2875FF3E24FFA5670049A6B9 /* VoiceOverLinksView.swift */; };
		2875FF4124FFA5710049A6B9 /* VoiceOverLinksView.xib in Resources */ = {isa = PBXBuildFile; fileRef = 2875FF4024FFA5710049A6B9 /* VoiceOverLinksView.xib */; };
		2877F6CE247D6E9200605677 /* AppDelegate.swift in Sources */ = {isa = PBXBuildFile; fileRef = 2877F6CD247D6E9200605677 /* AppDelegate.swift */; };
		2877F6D0247D6E9200605677 /* SceneDelegate.swift in Sources */ = {isa = PBXBuildFile; fileRef = 2877F6CF247D6E9200605677 /* SceneDelegate.swift */; };
		2877F6D2247D6E9200605677 /* NewsViewController.swift in Sources */ = {isa = PBXBuildFile; fileRef = 2877F6D1247D6E9200605677 /* NewsViewController.swift */; };
		2877F6D4247D6E9200605677 /* TrainingViewController.swift in Sources */ = {isa = PBXBuildFile; fileRef = 2877F6D3247D6E9200605677 /* TrainingViewController.swift */; };
		2877F6D7247D6E9200605677 /* Main.storyboard in Resources */ = {isa = PBXBuildFile; fileRef = 2877F6D5247D6E9200605677 /* Main.storyboard */; };
		2877F6D9247D6E9600605677 /* Assets.xcassets in Resources */ = {isa = PBXBuildFile; fileRef = 2877F6D8247D6E9600605677 /* Assets.xcassets */; };
		2877F6DC247D6E9600605677 /* LaunchScreen.storyboard in Resources */ = {isa = PBXBuildFile; fileRef = 2877F6DA247D6E9600605677 /* LaunchScreen.storyboard */; };
		2877F6E4247D71E600605677 /* _UIColor.swift in Sources */ = {isa = PBXBuildFile; fileRef = 2877F6E3247D71E600605677 /* _UIColor.swift */; };
		2877F6E8247D725C00605677 /* SourceSansPro-SemiBold.ttf in Resources */ = {isa = PBXBuildFile; fileRef = 2877F6E5247D725C00605677 /* SourceSansPro-SemiBold.ttf */; };
		2877F6E9247D725C00605677 /* SourceSansPro-Bold.ttf in Resources */ = {isa = PBXBuildFile; fileRef = 2877F6E6247D725C00605677 /* SourceSansPro-Bold.ttf */; };
		2877F6EA247D725C00605677 /* SourceSansPro-Regular.ttf in Resources */ = {isa = PBXBuildFile; fileRef = 2877F6E7247D725C00605677 /* SourceSansPro-Regular.ttf */; };
		2877F6F2247D7D9700605677 /* API.swift in Sources */ = {isa = PBXBuildFile; fileRef = 2877F6F1247D7D9700605677 /* API.swift */; };
		287FFBB525090A0C0022CD5F /* VoiceOverCopyView.swift in Sources */ = {isa = PBXBuildFile; fileRef = 287FFBB425090A0C0022CD5F /* VoiceOverCopyView.swift */; };
		287FFBB725090A190022CD5F /* VoiceOverCopyView.xib in Resources */ = {isa = PBXBuildFile; fileRef = 287FFBB625090A190022CD5F /* VoiceOverCopyView.xib */; };
		287FFBB925092B130022CD5F /* VoiceOverPasteView.xib in Resources */ = {isa = PBXBuildFile; fileRef = 287FFBB825092B130022CD5F /* VoiceOverPasteView.xib */; };
		287FFBBB25092B1D0022CD5F /* VoiceOverPasteView.swift in Sources */ = {isa = PBXBuildFile; fileRef = 287FFBBA25092B1D0022CD5F /* VoiceOverPasteView.swift */; };
		288554F62519EFD300392FC3 /* ScrollViewController.swift in Sources */ = {isa = PBXBuildFile; fileRef = 288554F52519EFD300392FC3 /* ScrollViewController.swift */; };
		288554FD251A01EE00392FC3 /* Localizable.strings in Resources */ = {isa = PBXBuildFile; fileRef = 288554FC251A01EE00392FC3 /* Localizable.strings */; };
		28855515251A44B600392FC3 /* _CGFloat.swift in Sources */ = {isa = PBXBuildFile; fileRef = 28855514251A44B600392FC3 /* _CGFloat.swift */; };
		2885551D251B491500392FC3 /* Localizable.stringsdict in Resources */ = {isa = PBXBuildFile; fileRef = 2885551C251B491500392FC3 /* Localizable.stringsdict */; };
		2885552C251B78F100392FC3 /* _Direction.swift in Sources */ = {isa = PBXBuildFile; fileRef = 2885552B251B78F100392FC3 /* _Direction.swift */; };
		2892317A24EA951600ED006B /* SlideGestureView.swift in Sources */ = {isa = PBXBuildFile; fileRef = 2892317924EA951600ED006B /* SlideGestureView.swift */; };
		2892317C24EAD90000ED006B /* EscapeGestureView.swift in Sources */ = {isa = PBXBuildFile; fileRef = 2892317B24EAD90000ED006B /* EscapeGestureView.swift */; };
		2892317E24EBBEB000ED006B /* VoiceOverEnableViewController.swift in Sources */ = {isa = PBXBuildFile; fileRef = 2892317D24EBBEB000ED006B /* VoiceOverEnableViewController.swift */; };
		2892318024EC1BB900ED006B /* VoiceOverActionsViewController.swift in Sources */ = {isa = PBXBuildFile; fileRef = 2892317F24EC1BB900ED006B /* VoiceOverActionsViewController.swift */; };
		2893227424C9830000EBB447 /* VoiceOverGesturesViewController.swift in Sources */ = {isa = PBXBuildFile; fileRef = 2893227324C9830000EBB447 /* VoiceOverGesturesViewController.swift */; };
		2893227724C9844500EBB447 /* Course.swift in Sources */ = {isa = PBXBuildFile; fileRef = 2893227624C9844500EBB447 /* Course.swift */; };
		2893227C24C9860400EBB447 /* VoiceOver.storyboard in Resources */ = {isa = PBXBuildFile; fileRef = 2893227B24C9860400EBB447 /* VoiceOver.storyboard */; };
		2899FFB62481125A009D8102 /* ArticleViewController.swift in Sources */ = {isa = PBXBuildFile; fileRef = 2899FFB52481125A009D8102 /* ArticleViewController.swift */; };
		2899FFB8248112D6009D8102 /* _UIStoryboard.swift in Sources */ = {isa = PBXBuildFile; fileRef = 2899FFB7248112D6009D8102 /* _UIStoryboard.swift */; };
		2899FFBA248113E7009D8102 /* WebKit.framework in Frameworks */ = {isa = PBXBuildFile; fileRef = 2899FFB9248113E7009D8102 /* WebKit.framework */; };
		28A1CF012521D27F009C2F44 /* Response.swift in Sources */ = {isa = PBXBuildFile; fileRef = 28A1CF002521D27F009C2F44 /* Response.swift */; };
		28C5F82924EC233700BA8F33 /* LongPressGestureView.swift in Sources */ = {isa = PBXBuildFile; fileRef = 28C5F82824EC233700BA8F33 /* LongPressGestureView.swift */; };
		28C5F82B24EC2A9000BA8F33 /* DefaultGestureView.swift in Sources */ = {isa = PBXBuildFile; fileRef = 28C5F82A24EC2A9000BA8F33 /* DefaultGestureView.swift */; };
		28DF7C922480175700CB467A /* ViewController.swift in Sources */ = {isa = PBXBuildFile; fileRef = 28DF7C912480175700CB467A /* ViewController.swift */; };
		28E0C414247D8AB8008B3CAD /* Article.swift in Sources */ = {isa = PBXBuildFile; fileRef = 28E0C413247D8AB8008B3CAD /* Article.swift */; };
		28E0C416247D8B33008B3CAD /* _Encodable.swift in Sources */ = {isa = PBXBuildFile; fileRef = 28E0C415247D8B33008B3CAD /* _Encodable.swift */; };
		28E0C418247D8B46008B3CAD /* _NSObject.swift in Sources */ = {isa = PBXBuildFile; fileRef = 28E0C417247D8B46008B3CAD /* _NSObject.swift */; };
		28E0C41A247D8B70008B3CAD /* Config.swift in Sources */ = {isa = PBXBuildFile; fileRef = 28E0C419247D8B70008B3CAD /* Config.swift */; };
		28E1A0702525CC6100604CFF /* _URL.swift in Sources */ = {isa = PBXBuildFile; fileRef = 28E1A06F2525CC6100604CFF /* _URL.swift */; };
		28E1A0852525D6C300604CFF /* GoogleService-Info.plist in Resources */ = {isa = PBXBuildFile; fileRef = 28E1A0842525D6C300604CFF /* GoogleService-Info.plist */; };
		28E267A524A5FF360025215C /* Gesture.swift in Sources */ = {isa = PBXBuildFile; fileRef = 28E267A424A5FF360025215C /* Gesture.swift */; };
		28E267A724A6020C0025215C /* _UIStoryboardSegue.swift in Sources */ = {isa = PBXBuildFile; fileRef = 28E267A624A6020C0025215C /* _UIStoryboardSegue.swift */; };
		28EB52742524E41D00DE4DE9 /* _CGPoint.swift in Sources */ = {isa = PBXBuildFile; fileRef = 28EB52732524E41D00DE4DE9 /* _CGPoint.swift */; };
		28EFEBA22487E90A0070879A /* FiltersViewController.swift in Sources */ = {isa = PBXBuildFile; fileRef = 28EFEBA12487E90A0070879A /* FiltersViewController.swift */; };
		28EFEBA42487E9AA0070879A /* Taxonomy.swift in Sources */ = {isa = PBXBuildFile; fileRef = 28EFEBA32487E9AA0070879A /* Taxonomy.swift */; };
		28EFEBAA248923410070879A /* _UIViewController.swift in Sources */ = {isa = PBXBuildFile; fileRef = 28EFEBA9248923410070879A /* _UIViewController.swift */; };
		28F42FAB24FF95860028E560 /* Action.swift in Sources */ = {isa = PBXBuildFile; fileRef = 28F42FAA24FF95860028E560 /* Action.swift */; };
		28FBED8F251F5304009CA3FA /* WebViewController.swift in Sources */ = {isa = PBXBuildFile; fileRef = 28FBED8E251F5304009CA3FA /* WebViewController.swift */; };
		28FBED96251F6094009CA3FA /* Topic.swift in Sources */ = {isa = PBXBuildFile; fileRef = 28FBED95251F6094009CA3FA /* Topic.swift */; };
		A82ACD122653CD6A00BBE8FA /* ListTableTopSectionHeaderView.swift in Sources */ = {isa = PBXBuildFile; fileRef = A82ACD112653CD6A00BBE8FA /* ListTableTopSectionHeaderView.swift */; };
		A82ACD142653CD7900BBE8FA /* ListTableTopSectionHeaderView.xib in Resources */ = {isa = PBXBuildFile; fileRef = A82ACD132653CD7900BBE8FA /* ListTableTopSectionHeaderView.xib */; };
		A82ACD1626550D6A00BBE8FA /* ProfileViewController.swift in Sources */ = {isa = PBXBuildFile; fileRef = A82ACD1526550D6A00BBE8FA /* ProfileViewController.swift */; };
		A89FD44B265BE43C006ED9EE /* _UIImage.swift in Sources */ = {isa = PBXBuildFile; fileRef = A89FD44A265BE43C006ED9EE /* _UIImage.swift */; };
		A89FD44E265C0121006ED9EE /* ServicesViewController.swift in Sources */ = {isa = PBXBuildFile; fileRef = A89FD44D265C0121006ED9EE /* ServicesViewController.swift */; };
		A89FD450265D66A4006ED9EE /* User.swift in Sources */ = {isa = PBXBuildFile; fileRef = A89FD44F265D66A4006ED9EE /* User.swift */; };
		A8A30151265FCA1A00375B02 /* HomeItem.swift in Sources */ = {isa = PBXBuildFile; fileRef = A8A30150265FCA1A00375B02 /* HomeItem.swift */; };
		A8BDCF77265E8815007D7126 /* UserDefaultsStorage.swift in Sources */ = {isa = PBXBuildFile; fileRef = A8BDCF76265E8815007D7126 /* UserDefaultsStorage.swift */; };
/* End PBXBuildFile section */

/* Begin PBXFileReference section */
		230BE9AC2636EEFE0026A90B /* MultilineButton.swift */ = {isa = PBXFileReference; lastKnownFileType = sourcecode.swift; path = MultilineButton.swift; sourceTree = "<group>"; };
		232D74E9264E771200937E0D /* SubjectListViewController.swift */ = {isa = PBXFileReference; lastKnownFileType = sourcecode.swift; name = SubjectListViewController.swift; path = Home/SubjectListViewController.swift; sourceTree = "<group>"; };
		232D74EB264E779400937E0D /* ImageTitleTableViewCell.swift */ = {isa = PBXFileReference; lastKnownFileType = sourcecode.swift; path = ImageTitleTableViewCell.swift; sourceTree = "<group>"; };
		232D74EC264E779400937E0D /* ImageTitleTableViewCell.xib */ = {isa = PBXFileReference; lastKnownFileType = file.xib; path = ImageTitleTableViewCell.xib; sourceTree = "<group>"; };
		232D74F0264E8ED500937E0D /* ViewEmbedder.swift */ = {isa = PBXFileReference; lastKnownFileType = sourcecode.swift; path = ViewEmbedder.swift; sourceTree = "<group>"; };
		232D74F2264E979700937E0D /* BlocksCollectionSectionHeaderView.swift */ = {isa = PBXFileReference; lastKnownFileType = sourcecode.swift; path = BlocksCollectionSectionHeaderView.swift; sourceTree = "<group>"; };
		2338B341264D49C100D47FC7 /* HomeViewController.swift */ = {isa = PBXFileReference; lastKnownFileType = sourcecode.swift; path = HomeViewController.swift; sourceTree = "<group>"; };
		2338B343264D50BF00D47FC7 /* SubjectBlocksViewController.swift */ = {isa = PBXFileReference; lastKnownFileType = sourcecode.swift; path = SubjectBlocksViewController.swift; sourceTree = "<group>"; };
		2338B347264D569C00D47FC7 /* CategoryCollectionViewCell.swift */ = {isa = PBXFileReference; lastKnownFileType = sourcecode.swift; path = CategoryCollectionViewCell.swift; sourceTree = "<group>"; };
		2338B348264D569C00D47FC7 /* CategoryCollectionViewCell.xib */ = {isa = PBXFileReference; lastKnownFileType = file.xib; path = CategoryCollectionViewCell.xib; sourceTree = "<group>"; };
		2338B34B264D7F3200D47FC7 /* Subject.swift */ = {isa = PBXFileReference; lastKnownFileType = sourcecode.swift; path = Subject.swift; sourceTree = "<group>"; };
		233FB2332639782E0031E58C /* _UITextField.swift */ = {isa = PBXFileReference; lastKnownFileType = sourcecode.swift; path = _UITextField.swift; sourceTree = "<group>"; };
		233FB235263991150031E58C /* PaddingLabel.swift */ = {isa = PBXFileReference; lastKnownFileType = sourcecode.swift; path = PaddingLabel.swift; sourceTree = "<group>"; };
		233FB2372639914D0031E58C /* AuthenticationTextField.swift */ = {isa = PBXFileReference; lastKnownFileType = sourcecode.swift; path = AuthenticationTextField.swift; sourceTree = "<group>"; };
		233FB239263994990031E58C /* Constants.swift */ = {isa = PBXFileReference; lastKnownFileType = sourcecode.swift; path = Constants.swift; sourceTree = "<group>"; };
		234059A72636C4E500C06463 /* Authentication.storyboard */ = {isa = PBXFileReference; lastKnownFileType = file.storyboard; path = Authentication.storyboard; sourceTree = "<group>"; };
		234059B02636C65300C06463 /* WelcomeViewController.swift */ = {isa = PBXFileReference; lastKnownFileType = sourcecode.swift; path = WelcomeViewController.swift; sourceTree = "<group>"; };
		2362C2F9264AA0FF00C4FEE7 /* SecondaryMultilineButton.swift */ = {isa = PBXFileReference; fileEncoding = 4; lastKnownFileType = sourcecode.swift; path = SecondaryMultilineButton.swift; sourceTree = "<group>"; };
		2362C2FB264AA1CA00C4FEE7 /* PrimaryMultilineButton.swift */ = {isa = PBXFileReference; lastKnownFileType = sourcecode.swift; path = PrimaryMultilineButton.swift; sourceTree = "<group>"; };
		2362C2FD264AAFE800C4FEE7 /* LoginViewController.swift */ = {isa = PBXFileReference; lastKnownFileType = sourcecode.swift; path = LoginViewController.swift; sourceTree = "<group>"; };
		2362C2FF264AC3A300C4FEE7 /* EmailEntryViewController.swift */ = {isa = PBXFileReference; lastKnownFileType = sourcecode.swift; path = EmailEntryViewController.swift; sourceTree = "<group>"; };
		238BF9D0264C026E00F0CB0D /* NewPasswordViewController.swift */ = {isa = PBXFileReference; lastKnownFileType = sourcecode.swift; path = NewPasswordViewController.swift; sourceTree = "<group>"; };
		238C8192264E711C00417477 /* data.json */ = {isa = PBXFileReference; fileEncoding = 4; lastKnownFileType = text.json; path = data.json; sourceTree = "<group>"; };
		239BF6FD264C2E490068EC13 /* UserType.swift */ = {isa = PBXFileReference; lastKnownFileType = sourcecode.swift; path = UserType.swift; sourceTree = "<group>"; };
		23CCFA04263813F000F9F4A9 /* UserTypeViewController.swift */ = {isa = PBXFileReference; lastKnownFileType = sourcecode.swift; path = UserTypeViewController.swift; sourceTree = "<group>"; };
		23FD95F526394CBB0029F77B /* RegistrationViewController.swift */ = {isa = PBXFileReference; lastKnownFileType = sourcecode.swift; path = RegistrationViewController.swift; sourceTree = "<group>"; };
		280415292518E89700B48F60 /* VoiceOverSelectionView.swift */ = {isa = PBXFileReference; lastKnownFileType = sourcecode.swift; path = VoiceOverSelectionView.swift; sourceTree = "<group>"; };
		2804152C2518E8A300B48F60 /* VoiceOverSelectionView.xib */ = {isa = PBXFileReference; lastKnownFileType = file.xib; path = VoiceOverSelectionView.xib; sourceTree = "<group>"; };
		28051BD024CB11AC008EEB1E /* SwipeGestureView.swift */ = {isa = PBXFileReference; lastKnownFileType = sourcecode.swift; path = SwipeGestureView.swift; sourceTree = "<group>"; };
		28051BDC24CB343D008EEB1E /* Position.swift */ = {isa = PBXFileReference; lastKnownFileType = sourcecode.swift; path = Position.swift; sourceTree = "<group>"; };
		281BD7FF24A92DF500B556A7 /* TapGestureView.swift */ = {isa = PBXFileReference; lastKnownFileType = sourcecode.swift; path = TapGestureView.swift; sourceTree = "<group>"; };
		281F87FB24D172B5004AABC2 /* TableViewController.swift */ = {isa = PBXFileReference; lastKnownFileType = sourcecode.swift; path = TableViewController.swift; sourceTree = "<group>"; };
		282F607124A3E688005B1279 /* GestureView.swift */ = {isa = PBXFileReference; lastKnownFileType = sourcecode.swift; path = GestureView.swift; sourceTree = "<group>"; };
		2835A05D2524B47D0011C788 /* Direction.swift */ = {isa = PBXFileReference; lastKnownFileType = sourcecode.swift; path = Direction.swift; sourceTree = "<group>"; };
		2840D9C924D45808000FB3E6 /* TouchGestureView.swift */ = {isa = PBXFileReference; lastKnownFileType = sourcecode.swift; path = TouchGestureView.swift; sourceTree = "<group>"; };
		2840D9CD24D45B34000FB3E6 /* RotationGestureView.swift */ = {isa = PBXFileReference; lastKnownFileType = sourcecode.swift; path = RotationGestureView.swift; sourceTree = "<group>"; };
		2841518D2525DAE100CB3750 /* Events.swift */ = {isa = PBXFileReference; lastKnownFileType = sourcecode.swift; path = Events.swift; sourceTree = "<group>"; };
		2843827E24ED6D4F0015B2C5 /* Alert.swift */ = {isa = PBXFileReference; lastKnownFileType = sourcecode.swift; path = Alert.swift; sourceTree = "<group>"; };
		2852CF052486AA820063F3E4 /* _UIAccessibility.swift */ = {isa = PBXFileReference; lastKnownFileType = sourcecode.swift; path = _UIAccessibility.swift; sourceTree = "<group>"; };
		28639F5025E3F9F200C29BB5 /* KnowledgeViewController.swift */ = {isa = PBXFileReference; lastKnownFileType = sourcecode.swift; path = KnowledgeViewController.swift; sourceTree = "<group>"; };
		28639F7225E4047C00C29BB5 /* NavigationController.swift */ = {isa = PBXFileReference; lastKnownFileType = sourcecode.swift; path = NavigationController.swift; sourceTree = "<group>"; };
		2869ABFC24F7C503004962A7 /* style.css */ = {isa = PBXFileReference; lastKnownFileType = text.css; path = style.css; sourceTree = "<group>"; };
		2869ABFE24F7C84E004962A7 /* VoiceOverHeadingsView.swift */ = {isa = PBXFileReference; lastKnownFileType = sourcecode.swift; path = VoiceOverHeadingsView.swift; sourceTree = "<group>"; };
		2869AC0024F7C865004962A7 /* VoiceOverHeadingsView.xib */ = {isa = PBXFileReference; lastKnownFileType = file.xib; path = VoiceOverHeadingsView.xib; sourceTree = "<group>"; };
		2869AC0224F7CE35004962A7 /* VoiceOverView.swift */ = {isa = PBXFileReference; lastKnownFileType = sourcecode.swift; path = VoiceOverView.swift; sourceTree = "<group>"; };
		286A093A24FD38E600B4DBBE /* VoiceOverActionViewController.swift */ = {isa = PBXFileReference; lastKnownFileType = sourcecode.swift; path = VoiceOverActionViewController.swift; sourceTree = "<group>"; };
		287063C624A380F9004E87AF /* MoreViewController.swift */ = {isa = PBXFileReference; lastKnownFileType = sourcecode.swift; path = MoreViewController.swift; sourceTree = "<group>"; };
		287063C824A38A37004E87AF /* VoiceOverGestureViewController.swift */ = {isa = PBXFileReference; lastKnownFileType = sourcecode.swift; path = VoiceOverGestureViewController.swift; sourceTree = "<group>"; };
		2870FF1B2525FC0F00377B44 /* TextField.swift */ = {isa = PBXFileReference; lastKnownFileType = sourcecode.swift; path = TextField.swift; sourceTree = "<group>"; };
		287468E1247E60BB0089BB32 /* Content.swift */ = {isa = PBXFileReference; lastKnownFileType = sourcecode.swift; path = Content.swift; sourceTree = "<group>"; };
		287468E4247E63A50089BB32 /* _UICollectionView.swift */ = {isa = PBXFileReference; lastKnownFileType = sourcecode.swift; path = _UICollectionView.swift; sourceTree = "<group>"; };
		287468E6247E63CD0089BB32 /* _UIFont.swift */ = {isa = PBXFileReference; lastKnownFileType = sourcecode.swift; path = _UIFont.swift; sourceTree = "<group>"; };
		287468E8247E64930089BB32 /* _UIView.swift */ = {isa = PBXFileReference; lastKnownFileType = sourcecode.swift; path = _UIView.swift; sourceTree = "<group>"; };
		287468EA247E64A60089BB32 /* _UITableView.swift */ = {isa = PBXFileReference; lastKnownFileType = sourcecode.swift; path = _UITableView.swift; sourceTree = "<group>"; };
		287468EC247E64F90089BB32 /* _DispatchQueue.swift */ = {isa = PBXFileReference; lastKnownFileType = sourcecode.swift; path = _DispatchQueue.swift; sourceTree = "<group>"; };
		287468F1247E65620089BB32 /* TitleTableViewCell.swift */ = {isa = PBXFileReference; lastKnownFileType = sourcecode.swift; path = TitleTableViewCell.swift; sourceTree = "<group>"; };
		287468F3247E65C80089BB32 /* TitleTableViewCell.xib */ = {isa = PBXFileReference; lastKnownFileType = file.xib; path = TitleTableViewCell.xib; sourceTree = "<group>"; };
		287468F5247E675C0089BB32 /* _String.swift */ = {isa = PBXFileReference; lastKnownFileType = sourcecode.swift; path = _String.swift; sourceTree = "<group>"; };
		2875FF3E24FFA5670049A6B9 /* VoiceOverLinksView.swift */ = {isa = PBXFileReference; lastKnownFileType = sourcecode.swift; path = VoiceOverLinksView.swift; sourceTree = "<group>"; };
		2875FF4024FFA5710049A6B9 /* VoiceOverLinksView.xib */ = {isa = PBXFileReference; lastKnownFileType = file.xib; path = VoiceOverLinksView.xib; sourceTree = "<group>"; };
		2877F6CA247D6E9200605677 /* Appt.app */ = {isa = PBXFileReference; explicitFileType = wrapper.application; includeInIndex = 0; path = Appt.app; sourceTree = BUILT_PRODUCTS_DIR; };
		2877F6CD247D6E9200605677 /* AppDelegate.swift */ = {isa = PBXFileReference; lastKnownFileType = sourcecode.swift; path = AppDelegate.swift; sourceTree = "<group>"; };
		2877F6CF247D6E9200605677 /* SceneDelegate.swift */ = {isa = PBXFileReference; lastKnownFileType = sourcecode.swift; path = SceneDelegate.swift; sourceTree = "<group>"; };
		2877F6D1247D6E9200605677 /* NewsViewController.swift */ = {isa = PBXFileReference; lastKnownFileType = sourcecode.swift; path = NewsViewController.swift; sourceTree = "<group>"; };
		2877F6D3247D6E9200605677 /* TrainingViewController.swift */ = {isa = PBXFileReference; lastKnownFileType = sourcecode.swift; path = TrainingViewController.swift; sourceTree = "<group>"; };
		2877F6D8247D6E9600605677 /* Assets.xcassets */ = {isa = PBXFileReference; lastKnownFileType = folder.assetcatalog; path = Assets.xcassets; sourceTree = "<group>"; };
		2877F6DD247D6E9600605677 /* Info.plist */ = {isa = PBXFileReference; lastKnownFileType = text.plist.xml; path = Info.plist; sourceTree = "<group>"; };
		2877F6E3247D71E600605677 /* _UIColor.swift */ = {isa = PBXFileReference; lastKnownFileType = sourcecode.swift; path = _UIColor.swift; sourceTree = "<group>"; };
		2877F6E5247D725C00605677 /* SourceSansPro-SemiBold.ttf */ = {isa = PBXFileReference; lastKnownFileType = file; path = "SourceSansPro-SemiBold.ttf"; sourceTree = "<group>"; };
		2877F6E6247D725C00605677 /* SourceSansPro-Bold.ttf */ = {isa = PBXFileReference; lastKnownFileType = file; path = "SourceSansPro-Bold.ttf"; sourceTree = "<group>"; };
		2877F6E7247D725C00605677 /* SourceSansPro-Regular.ttf */ = {isa = PBXFileReference; lastKnownFileType = file; path = "SourceSansPro-Regular.ttf"; sourceTree = "<group>"; };
		2877F6F1247D7D9700605677 /* API.swift */ = {isa = PBXFileReference; lastKnownFileType = sourcecode.swift; path = API.swift; sourceTree = "<group>"; };
		287FFBB425090A0C0022CD5F /* VoiceOverCopyView.swift */ = {isa = PBXFileReference; lastKnownFileType = sourcecode.swift; path = VoiceOverCopyView.swift; sourceTree = "<group>"; };
		287FFBB625090A190022CD5F /* VoiceOverCopyView.xib */ = {isa = PBXFileReference; lastKnownFileType = file.xib; path = VoiceOverCopyView.xib; sourceTree = "<group>"; };
		287FFBB825092B130022CD5F /* VoiceOverPasteView.xib */ = {isa = PBXFileReference; lastKnownFileType = file.xib; path = VoiceOverPasteView.xib; sourceTree = "<group>"; };
		287FFBBA25092B1D0022CD5F /* VoiceOverPasteView.swift */ = {isa = PBXFileReference; lastKnownFileType = sourcecode.swift; path = VoiceOverPasteView.swift; sourceTree = "<group>"; };
		288554F52519EFD300392FC3 /* ScrollViewController.swift */ = {isa = PBXFileReference; lastKnownFileType = sourcecode.swift; path = ScrollViewController.swift; sourceTree = "<group>"; };
		288554FC251A01EE00392FC3 /* Localizable.strings */ = {isa = PBXFileReference; lastKnownFileType = text.plist.strings; path = Localizable.strings; sourceTree = "<group>"; };
		28855514251A44B600392FC3 /* _CGFloat.swift */ = {isa = PBXFileReference; lastKnownFileType = sourcecode.swift; path = _CGFloat.swift; sourceTree = "<group>"; };
		2885551C251B491500392FC3 /* Localizable.stringsdict */ = {isa = PBXFileReference; lastKnownFileType = text.plist.stringsdict; path = Localizable.stringsdict; sourceTree = "<group>"; };
		2885552B251B78F100392FC3 /* _Direction.swift */ = {isa = PBXFileReference; lastKnownFileType = sourcecode.swift; path = _Direction.swift; sourceTree = "<group>"; };
		2892317924EA951600ED006B /* SlideGestureView.swift */ = {isa = PBXFileReference; lastKnownFileType = sourcecode.swift; path = SlideGestureView.swift; sourceTree = "<group>"; };
		2892317B24EAD90000ED006B /* EscapeGestureView.swift */ = {isa = PBXFileReference; lastKnownFileType = sourcecode.swift; path = EscapeGestureView.swift; sourceTree = "<group>"; };
		2892317D24EBBEB000ED006B /* VoiceOverEnableViewController.swift */ = {isa = PBXFileReference; lastKnownFileType = sourcecode.swift; path = VoiceOverEnableViewController.swift; sourceTree = "<group>"; };
		2892317F24EC1BB900ED006B /* VoiceOverActionsViewController.swift */ = {isa = PBXFileReference; lastKnownFileType = sourcecode.swift; path = VoiceOverActionsViewController.swift; sourceTree = "<group>"; };
		2893227324C9830000EBB447 /* VoiceOverGesturesViewController.swift */ = {isa = PBXFileReference; lastKnownFileType = sourcecode.swift; path = VoiceOverGesturesViewController.swift; sourceTree = "<group>"; };
		2893227624C9844500EBB447 /* Course.swift */ = {isa = PBXFileReference; lastKnownFileType = sourcecode.swift; path = Course.swift; sourceTree = "<group>"; };
		2893227B24C9860400EBB447 /* VoiceOver.storyboard */ = {isa = PBXFileReference; lastKnownFileType = file.storyboard; path = VoiceOver.storyboard; sourceTree = "<group>"; };
		2899FFB52481125A009D8102 /* ArticleViewController.swift */ = {isa = PBXFileReference; lastKnownFileType = sourcecode.swift; path = ArticleViewController.swift; sourceTree = "<group>"; };
		2899FFB7248112D6009D8102 /* _UIStoryboard.swift */ = {isa = PBXFileReference; lastKnownFileType = sourcecode.swift; path = _UIStoryboard.swift; sourceTree = "<group>"; };
		2899FFB9248113E7009D8102 /* WebKit.framework */ = {isa = PBXFileReference; lastKnownFileType = wrapper.framework; name = WebKit.framework; path = System/Library/Frameworks/WebKit.framework; sourceTree = SDKROOT; };
		28A1CF002521D27F009C2F44 /* Response.swift */ = {isa = PBXFileReference; lastKnownFileType = sourcecode.swift; path = Response.swift; sourceTree = "<group>"; };
		28C5F82624EC1FFD00BA8F33 /* Base */ = {isa = PBXFileReference; lastKnownFileType = file.storyboard; name = Base; path = Base.lproj/Main.storyboard; sourceTree = "<group>"; };
		28C5F82724EC1FFD00BA8F33 /* Base */ = {isa = PBXFileReference; lastKnownFileType = file.storyboard; name = Base; path = Base.lproj/LaunchScreen.storyboard; sourceTree = "<group>"; };
		28C5F82824EC233700BA8F33 /* LongPressGestureView.swift */ = {isa = PBXFileReference; lastKnownFileType = sourcecode.swift; path = LongPressGestureView.swift; sourceTree = "<group>"; };
		28C5F82A24EC2A9000BA8F33 /* DefaultGestureView.swift */ = {isa = PBXFileReference; lastKnownFileType = sourcecode.swift; path = DefaultGestureView.swift; sourceTree = "<group>"; };
		28DF7C912480175700CB467A /* ViewController.swift */ = {isa = PBXFileReference; lastKnownFileType = sourcecode.swift; path = ViewController.swift; sourceTree = "<group>"; };
		28E0C413247D8AB8008B3CAD /* Article.swift */ = {isa = PBXFileReference; lastKnownFileType = sourcecode.swift; path = Article.swift; sourceTree = "<group>"; };
		28E0C415247D8B33008B3CAD /* _Encodable.swift */ = {isa = PBXFileReference; lastKnownFileType = sourcecode.swift; path = _Encodable.swift; sourceTree = "<group>"; };
		28E0C417247D8B46008B3CAD /* _NSObject.swift */ = {isa = PBXFileReference; lastKnownFileType = sourcecode.swift; path = _NSObject.swift; sourceTree = "<group>"; };
		28E0C419247D8B70008B3CAD /* Config.swift */ = {isa = PBXFileReference; lastKnownFileType = sourcecode.swift; path = Config.swift; sourceTree = "<group>"; };
		28E1A06F2525CC6100604CFF /* _URL.swift */ = {isa = PBXFileReference; lastKnownFileType = sourcecode.swift; path = _URL.swift; sourceTree = "<group>"; };
		28E1A0842525D6C300604CFF /* GoogleService-Info.plist */ = {isa = PBXFileReference; fileEncoding = 4; lastKnownFileType = text.plist.xml; path = "GoogleService-Info.plist"; sourceTree = "<group>"; };
		28E267A424A5FF360025215C /* Gesture.swift */ = {isa = PBXFileReference; lastKnownFileType = sourcecode.swift; path = Gesture.swift; sourceTree = "<group>"; };
		28E267A624A6020C0025215C /* _UIStoryboardSegue.swift */ = {isa = PBXFileReference; lastKnownFileType = sourcecode.swift; path = _UIStoryboardSegue.swift; sourceTree = "<group>"; };
		28EB52732524E41D00DE4DE9 /* _CGPoint.swift */ = {isa = PBXFileReference; lastKnownFileType = sourcecode.swift; path = _CGPoint.swift; sourceTree = "<group>"; };
		28EFEBA12487E90A0070879A /* FiltersViewController.swift */ = {isa = PBXFileReference; lastKnownFileType = sourcecode.swift; path = FiltersViewController.swift; sourceTree = "<group>"; };
		28EFEBA32487E9AA0070879A /* Taxonomy.swift */ = {isa = PBXFileReference; lastKnownFileType = sourcecode.swift; path = Taxonomy.swift; sourceTree = "<group>"; };
		28EFEBA9248923410070879A /* _UIViewController.swift */ = {isa = PBXFileReference; lastKnownFileType = sourcecode.swift; path = _UIViewController.swift; sourceTree = "<group>"; };
		28F42FAA24FF95860028E560 /* Action.swift */ = {isa = PBXFileReference; lastKnownFileType = sourcecode.swift; path = Action.swift; sourceTree = "<group>"; };
		28FBED8E251F5304009CA3FA /* WebViewController.swift */ = {isa = PBXFileReference; lastKnownFileType = sourcecode.swift; path = WebViewController.swift; sourceTree = "<group>"; };
		28FBED95251F6094009CA3FA /* Topic.swift */ = {isa = PBXFileReference; lastKnownFileType = sourcecode.swift; path = Topic.swift; sourceTree = "<group>"; };
		7D62BB23F0FE76F21FDA1BE2 /* Pods-Appt.release.xcconfig */ = {isa = PBXFileReference; includeInIndex = 1; lastKnownFileType = text.xcconfig; name = "Pods-Appt.release.xcconfig"; path = "Target Support Files/Pods-Appt/Pods-Appt.release.xcconfig"; sourceTree = "<group>"; };
		A82ACD112653CD6A00BBE8FA /* ListTableTopSectionHeaderView.swift */ = {isa = PBXFileReference; lastKnownFileType = sourcecode.swift; path = ListTableTopSectionHeaderView.swift; sourceTree = "<group>"; };
		A82ACD132653CD7900BBE8FA /* ListTableTopSectionHeaderView.xib */ = {isa = PBXFileReference; lastKnownFileType = file.xib; path = ListTableTopSectionHeaderView.xib; sourceTree = "<group>"; };
		A82ACD1526550D6A00BBE8FA /* ProfileViewController.swift */ = {isa = PBXFileReference; lastKnownFileType = sourcecode.swift; path = ProfileViewController.swift; sourceTree = "<group>"; };
		A89FD44A265BE43C006ED9EE /* _UIImage.swift */ = {isa = PBXFileReference; lastKnownFileType = sourcecode.swift; path = _UIImage.swift; sourceTree = "<group>"; };
		A89FD44D265C0121006ED9EE /* ServicesViewController.swift */ = {isa = PBXFileReference; lastKnownFileType = sourcecode.swift; path = ServicesViewController.swift; sourceTree = "<group>"; };
		A89FD44F265D66A4006ED9EE /* User.swift */ = {isa = PBXFileReference; lastKnownFileType = sourcecode.swift; path = User.swift; sourceTree = "<group>"; };
		A8A30150265FCA1A00375B02 /* HomeItem.swift */ = {isa = PBXFileReference; lastKnownFileType = sourcecode.swift; path = HomeItem.swift; sourceTree = "<group>"; };
		A8BDCF76265E8815007D7126 /* UserDefaultsStorage.swift */ = {isa = PBXFileReference; lastKnownFileType = sourcecode.swift; path = UserDefaultsStorage.swift; sourceTree = "<group>"; };
		BBA31FA3AB2D3D421D9F9827 /* Pods_Appt.framework */ = {isa = PBXFileReference; explicitFileType = wrapper.framework; includeInIndex = 0; path = Pods_Appt.framework; sourceTree = BUILT_PRODUCTS_DIR; };
		D42E7B11D61BB525BAE85022 /* Pods-Appt.debug.xcconfig */ = {isa = PBXFileReference; includeInIndex = 1; lastKnownFileType = text.xcconfig; name = "Pods-Appt.debug.xcconfig"; path = "Target Support Files/Pods-Appt/Pods-Appt.debug.xcconfig"; sourceTree = "<group>"; };
/* End PBXFileReference section */

/* Begin PBXFrameworksBuildPhase section */
		2877F6C7247D6E9200605677 /* Frameworks */ = {
			isa = PBXFrameworksBuildPhase;
			buildActionMask = 2147483647;
			files = (
				2899FFBA248113E7009D8102 /* WebKit.framework in Frameworks */,
				1863A164E9AC782E06E10985 /* Pods_Appt.framework in Frameworks */,
			);
			runOnlyForDeploymentPostprocessing = 0;
		};
/* End PBXFrameworksBuildPhase section */

/* Begin PBXGroup section */
		224CD9CB848BEFE792503798 /* Frameworks */ = {
			isa = PBXGroup;
			children = (
				2899FFB9248113E7009D8102 /* WebKit.framework */,
				BBA31FA3AB2D3D421D9F9827 /* Pods_Appt.framework */,
			);
			name = Frameworks;
			sourceTree = "<group>";
		};
		2338B340264D49A900D47FC7 /* Home */ = {
			isa = PBXGroup;
			children = (
				2338B341264D49C100D47FC7 /* HomeViewController.swift */,
			);
			path = Home;
			sourceTree = "<group>";
		};
		234059AA2636C50F00C06463 /* Authentication */ = {
			isa = PBXGroup;
			children = (
				238BF9D0264C026E00F0CB0D /* NewPasswordViewController.swift */,
				234059B02636C65300C06463 /* WelcomeViewController.swift */,
				23FD95F526394CBB0029F77B /* RegistrationViewController.swift */,
				23CCFA04263813F000F9F4A9 /* UserTypeViewController.swift */,
				2362C2FD264AAFE800C4FEE7 /* LoginViewController.swift */,
				2362C2FF264AC3A300C4FEE7 /* EmailEntryViewController.swift */,
			);
			path = Authentication;
			sourceTree = "<group>";
		};
		2843828024ED6D7A0015B2C5 /* Helpers */ = {
			isa = PBXGroup;
			children = (
				2843827E24ED6D4F0015B2C5 /* Alert.swift */,
				232D74F0264E8ED500937E0D /* ViewEmbedder.swift */,
				2841518D2525DAE100CB3750 /* Events.swift */,
				233FB239263994990031E58C /* Constants.swift */,
			);
			path = Helpers;
			sourceTree = "<group>";
		};
		28639F4F25E3F9E000C29BB5 /* Knowledge */ = {
			isa = PBXGroup;
			children = (
				28639F5025E3F9F200C29BB5 /* KnowledgeViewController.swift */,
			);
			path = Knowledge;
			sourceTree = "<group>";
		};
		286A093724FD35D000B4DBBE /* Gestures */ = {
			isa = PBXGroup;
			children = (
				2893227324C9830000EBB447 /* VoiceOverGesturesViewController.swift */,
				287063C824A38A37004E87AF /* VoiceOverGestureViewController.swift */,
			);
			path = Gestures;
			sourceTree = "<group>";
		};
		286A093824FD35E600B4DBBE /* Enable */ = {
			isa = PBXGroup;
			children = (
				2892317D24EBBEB000ED006B /* VoiceOverEnableViewController.swift */,
			);
			path = Enable;
			sourceTree = "<group>";
		};
		286A093924FD35F300B4DBBE /* Actions */ = {
			isa = PBXGroup;
			children = (
				2892317F24EC1BB900ED006B /* VoiceOverActionsViewController.swift */,
				286A093A24FD38E600B4DBBE /* VoiceOverActionViewController.swift */,
			);
			path = Actions;
			sourceTree = "<group>";
		};
		287468E3247E61740089BB32 /* Model */ = {
			isa = PBXGroup;
			children = (
				28E0C413247D8AB8008B3CAD /* Article.swift */,
				2338B34B264D7F3200D47FC7 /* Subject.swift */,
				28F42FAA24FF95860028E560 /* Action.swift */,
				287468E1247E60BB0089BB32 /* Content.swift */,
				2893227624C9844500EBB447 /* Course.swift */,
				2835A05D2524B47D0011C788 /* Direction.swift */,
				28E267A424A5FF360025215C /* Gesture.swift */,
				28A1CF002521D27F009C2F44 /* Response.swift */,
				28FBED95251F6094009CA3FA /* Topic.swift */,
				28051BDC24CB343D008EEB1E /* Position.swift */,
				28EFEBA32487E9AA0070879A /* Taxonomy.swift */,
				239BF6FD264C2E490068EC13 /* UserType.swift */,
				A89FD44F265D66A4006ED9EE /* User.swift */,
				A8A30150265FCA1A00375B02 /* HomeItem.swift */,
			);
			path = Model;
			sourceTree = "<group>";
		};
		287468EE247E65280089BB32 /* Views */ = {
			isa = PBXGroup;
			children = (
				2870FF1B2525FC0F00377B44 /* TextField.swift */,
				233FB235263991150031E58C /* PaddingLabel.swift */,
				233FB2372639914D0031E58C /* AuthenticationTextField.swift */,
				230BE9AC2636EEFE0026A90B /* MultilineButton.swift */,
				2362C2FB264AA1CA00C4FEE7 /* PrimaryMultilineButton.swift */,
				2362C2F9264AA0FF00C4FEE7 /* SecondaryMultilineButton.swift */,
				28F42FA824FF91E50028E560 /* VoiceOver */,
				287468F0247E65450089BB32 /* Cells */,
			);
			path = Views;
			sourceTree = "<group>";
		};
		287468EF247E65320089BB32 /* ViewControllers */ = {
			isa = PBXGroup;
			children = (
				A89FD44C265C010F006ED9EE /* Services */,
				28DF7C912480175700CB467A /* ViewController.swift */,
				28639F7225E4047C00C29BB5 /* NavigationController.swift */,
				288554F52519EFD300392FC3 /* ScrollViewController.swift */,
				281F87FB24D172B5004AABC2 /* TableViewController.swift */,
				2338B343264D50BF00D47FC7 /* SubjectBlocksViewController.swift */,
				232D74E9264E771200937E0D /* SubjectListViewController.swift */,
				28FBED8E251F5304009CA3FA /* WebViewController.swift */,
				2338B340264D49A900D47FC7 /* Home */,
				234059AA2636C50F00C06463 /* Authentication */,
				2893227824C984CE00EBB447 /* Training */,
				28639F4F25E3F9E000C29BB5 /* Knowledge */,
				2893227924C984D700EBB447 /* News */,
				2893227A24C984E000EBB447 /* More */,
			);
			path = ViewControllers;
			sourceTree = "<group>";
		};
		287468F0247E65450089BB32 /* Cells */ = {
			isa = PBXGroup;
			children = (
				287468F1247E65620089BB32 /* TitleTableViewCell.swift */,
				287468F3247E65C80089BB32 /* TitleTableViewCell.xib */,
				232D74EB264E779400937E0D /* ImageTitleTableViewCell.swift */,
				232D74EC264E779400937E0D /* ImageTitleTableViewCell.xib */,
				2338B347264D569C00D47FC7 /* CategoryCollectionViewCell.swift */,
				2338B348264D569C00D47FC7 /* CategoryCollectionViewCell.xib */,
				232D74F2264E979700937E0D /* BlocksCollectionSectionHeaderView.swift */,
				A82ACD112653CD6A00BBE8FA /* ListTableTopSectionHeaderView.swift */,
				A82ACD132653CD7900BBE8FA /* ListTableTopSectionHeaderView.xib */,
			);
			path = Cells;
			sourceTree = "<group>";
		};
		2877F6C1247D6E9100605677 = {
			isa = PBXGroup;
			children = (
				2877F6CC247D6E9200605677 /* Appt */,
				2877F6CB247D6E9200605677 /* Products */,
				5F963E37E0FF08E157AB9853 /* Pods */,
				224CD9CB848BEFE792503798 /* Frameworks */,
			);
			sourceTree = "<group>";
		};
		2877F6CB247D6E9200605677 /* Products */ = {
			isa = PBXGroup;
			children = (
				2877F6CA247D6E9200605677 /* Appt.app */,
			);
			name = Products;
			sourceTree = "<group>";
		};
		2877F6CC247D6E9200605677 /* Appt */ = {
			isa = PBXGroup;
			children = (
				2877F6CD247D6E9200605677 /* AppDelegate.swift */,
				2877F6CF247D6E9200605677 /* SceneDelegate.swift */,
				A8BDCF75265E87FE007D7126 /* Storage */,
				2877F6F0247D7D8E00605677 /* API */,
				2877F6EC247D727D00605677 /* Extensions */,
				2843828024ED6D7A0015B2C5 /* Helpers */,
				287468E3247E61740089BB32 /* Model */,
				2877F6ED247D72B200605677 /* Resources */,
				287468EF247E65320089BB32 /* ViewControllers */,
				287468EE247E65280089BB32 /* Views */,
			);
			path = Appt;
			sourceTree = "<group>";
		};
		2877F6EC247D727D00605677 /* Extensions */ = {
			isa = PBXGroup;
			children = (
				28855514251A44B600392FC3 /* _CGFloat.swift */,
				28EB52732524E41D00DE4DE9 /* _CGPoint.swift */,
				2885552B251B78F100392FC3 /* _Direction.swift */,
				287468EC247E64F90089BB32 /* _DispatchQueue.swift */,
				28E0C415247D8B33008B3CAD /* _Encodable.swift */,
				28E0C417247D8B46008B3CAD /* _NSObject.swift */,
				287468F5247E675C0089BB32 /* _String.swift */,
				2877F6E3247D71E600605677 /* _UIColor.swift */,
				287468E4247E63A50089BB32 /* _UICollectionView.swift */,
				287468E6247E63CD0089BB32 /* _UIFont.swift */,
				2852CF052486AA820063F3E4 /* _UIAccessibility.swift */,
				2899FFB7248112D6009D8102 /* _UIStoryboard.swift */,
				28E267A624A6020C0025215C /* _UIStoryboardSegue.swift */,
				287468EA247E64A60089BB32 /* _UITableView.swift */,
				287468E8247E64930089BB32 /* _UIView.swift */,
				233FB2332639782E0031E58C /* _UITextField.swift */,
				28EFEBA9248923410070879A /* _UIViewController.swift */,
				28E1A06F2525CC6100604CFF /* _URL.swift */,
				A89FD44A265BE43C006ED9EE /* _UIImage.swift */,
			);
			path = Extensions;
			sourceTree = "<group>";
		};
		2877F6ED247D72B200605677 /* Resources */ = {
			isa = PBXGroup;
			children = (
				238C8192264E711C00417477 /* data.json */,
				2877F6D8247D6E9600605677 /* Assets.xcassets */,
				28E1A0842525D6C300604CFF /* GoogleService-Info.plist */,
				2877F6DD247D6E9600605677 /* Info.plist */,
				2877F6DA247D6E9600605677 /* LaunchScreen.storyboard */,
				2877F6D5247D6E9200605677 /* Main.storyboard */,
				2893227B24C9860400EBB447 /* VoiceOver.storyboard */,
				234059A72636C4E500C06463 /* Authentication.storyboard */,
				288554FC251A01EE00392FC3 /* Localizable.strings */,
				2885551C251B491500392FC3 /* Localizable.stringsdict */,
				2877F6E6247D725C00605677 /* SourceSansPro-Bold.ttf */,
				2877F6E5247D725C00605677 /* SourceSansPro-SemiBold.ttf */,
				2877F6E7247D725C00605677 /* SourceSansPro-Regular.ttf */,
				2869ABFC24F7C503004962A7 /* style.css */,
			);
			name = Resources;
			sourceTree = "<group>";
		};
		2877F6F0247D7D8E00605677 /* API */ = {
			isa = PBXGroup;
			children = (
				2877F6F1247D7D9700605677 /* API.swift */,
				28E0C419247D8B70008B3CAD /* Config.swift */,
			);
			path = API;
			sourceTree = "<group>";
		};
		2893227524C9830300EBB447 /* VoiceOver */ = {
			isa = PBXGroup;
			children = (
				286A093924FD35F300B4DBBE /* Actions */,
				286A093824FD35E600B4DBBE /* Enable */,
				286A093724FD35D000B4DBBE /* Gestures */,
			);
			path = VoiceOver;
			sourceTree = "<group>";
		};
		2893227824C984CE00EBB447 /* Training */ = {
			isa = PBXGroup;
			children = (
				2877F6D3247D6E9200605677 /* TrainingViewController.swift */,
				2893227524C9830300EBB447 /* VoiceOver */,
			);
			path = Training;
			sourceTree = "<group>";
		};
		2893227924C984D700EBB447 /* News */ = {
			isa = PBXGroup;
			children = (
				2877F6D1247D6E9200605677 /* NewsViewController.swift */,
				2899FFB52481125A009D8102 /* ArticleViewController.swift */,
				28EFEBA12487E90A0070879A /* FiltersViewController.swift */,
			);
			path = News;
			sourceTree = "<group>";
		};
		2893227A24C984E000EBB447 /* More */ = {
			isa = PBXGroup;
			children = (
				287063C624A380F9004E87AF /* MoreViewController.swift */,
				A82ACD1526550D6A00BBE8FA /* ProfileViewController.swift */,
			);
			path = More;
			sourceTree = "<group>";
		};
		28E267AA24A622D00025215C /* Gestures */ = {
			isa = PBXGroup;
			children = (
				282F607124A3E688005B1279 /* GestureView.swift */,
				28C5F82A24EC2A9000BA8F33 /* DefaultGestureView.swift */,
				2892317B24EAD90000ED006B /* EscapeGestureView.swift */,
				28C5F82824EC233700BA8F33 /* LongPressGestureView.swift */,
				2840D9CD24D45B34000FB3E6 /* RotationGestureView.swift */,
				2892317924EA951600ED006B /* SlideGestureView.swift */,
				28051BD024CB11AC008EEB1E /* SwipeGestureView.swift */,
				281BD7FF24A92DF500B556A7 /* TapGestureView.swift */,
				2840D9C924D45808000FB3E6 /* TouchGestureView.swift */,
			);
			path = Gestures;
			sourceTree = "<group>";
		};
		28F42FA824FF91E50028E560 /* VoiceOver */ = {
			isa = PBXGroup;
			children = (
				28F42FA924FF91EF0028E560 /* Actions */,
				28E267AA24A622D00025215C /* Gestures */,
			);
			path = VoiceOver;
			sourceTree = "<group>";
		};
		28F42FA924FF91EF0028E560 /* Actions */ = {
			isa = PBXGroup;
			children = (
				2869AC0224F7CE35004962A7 /* VoiceOverView.swift */,
				2869AC0024F7C865004962A7 /* VoiceOverHeadingsView.xib */,
				2869ABFE24F7C84E004962A7 /* VoiceOverHeadingsView.swift */,
				2875FF4024FFA5710049A6B9 /* VoiceOverLinksView.xib */,
				2875FF3E24FFA5670049A6B9 /* VoiceOverLinksView.swift */,
				287FFBB625090A190022CD5F /* VoiceOverCopyView.xib */,
				287FFBB425090A0C0022CD5F /* VoiceOverCopyView.swift */,
				287FFBB825092B130022CD5F /* VoiceOverPasteView.xib */,
				287FFBBA25092B1D0022CD5F /* VoiceOverPasteView.swift */,
				2804152C2518E8A300B48F60 /* VoiceOverSelectionView.xib */,
				280415292518E89700B48F60 /* VoiceOverSelectionView.swift */,
			);
			path = Actions;
			sourceTree = "<group>";
		};
		5F963E37E0FF08E157AB9853 /* Pods */ = {
			isa = PBXGroup;
			children = (
				D42E7B11D61BB525BAE85022 /* Pods-Appt.debug.xcconfig */,
				7D62BB23F0FE76F21FDA1BE2 /* Pods-Appt.release.xcconfig */,
			);
			path = Pods;
			sourceTree = "<group>";
		};
		A89FD44C265C010F006ED9EE /* Services */ = {
			isa = PBXGroup;
			children = (
				A89FD44D265C0121006ED9EE /* ServicesViewController.swift */,
			);
			path = Services;
			sourceTree = "<group>";
		};
		A8BDCF75265E87FE007D7126 /* Storage */ = {
			isa = PBXGroup;
			children = (
				A8BDCF76265E8815007D7126 /* UserDefaultsStorage.swift */,
			);
			path = Storage;
			sourceTree = "<group>";
		};
/* End PBXGroup section */

/* Begin PBXNativeTarget section */
		2877F6C9247D6E9200605677 /* Appt */ = {
			isa = PBXNativeTarget;
			buildConfigurationList = 2877F6E0247D6E9600605677 /* Build configuration list for PBXNativeTarget "Appt" */;
			buildPhases = (
				569406FEA48E95CE3D6B6218 /* [CP] Check Pods Manifest.lock */,
				2877F6C6247D6E9200605677 /* Sources */,
				2877F6C7247D6E9200605677 /* Frameworks */,
				2877F6C8247D6E9200605677 /* Resources */,
				28E1A0972525D7C100604CFF /* Crashlytics */,
				56BD8DADAE56C84E7FB71CB6 /* [CP] Embed Pods Frameworks */,
			);
			buildRules = (
			);
			dependencies = (
			);
			name = Appt;
			productName = Appt;
			productReference = 2877F6CA247D6E9200605677 /* Appt.app */;
			productType = "com.apple.product-type.application";
		};
/* End PBXNativeTarget section */

/* Begin PBXProject section */
		2877F6C2247D6E9100605677 /* Project object */ = {
			isa = PBXProject;
			attributes = {
				LastSwiftUpdateCheck = 1150;
				LastUpgradeCheck = 1200;
				ORGANIZATIONNAME = "Stichting Appt";
				TargetAttributes = {
					2877F6C9247D6E9200605677 = {
						CreatedOnToolsVersion = 11.5;
					};
				};
			};
			buildConfigurationList = 2877F6C5247D6E9100605677 /* Build configuration list for PBXProject "Appt" */;
			compatibilityVersion = "Xcode 9.3";
			developmentRegion = nl;
			hasScannedForEncodings = 0;
			knownRegions = (
				nl,
				en,
				Base,
			);
			mainGroup = 2877F6C1247D6E9100605677;
			productRefGroup = 2877F6CB247D6E9200605677 /* Products */;
			projectDirPath = "";
			projectRoot = "";
			targets = (
				2877F6C9247D6E9200605677 /* Appt */,
			);
		};
/* End PBXProject section */

/* Begin PBXResourcesBuildPhase section */
		2877F6C8247D6E9200605677 /* Resources */ = {
			isa = PBXResourcesBuildPhase;
			buildActionMask = 2147483647;
			files = (
				2869AC0124F7C865004962A7 /* VoiceOverHeadingsView.xib in Resources */,
				2877F6EA247D725C00605677 /* SourceSansPro-Regular.ttf in Resources */,
				287FFBB725090A190022CD5F /* VoiceOverCopyView.xib in Resources */,
				232D74EE264E779400937E0D /* ImageTitleTableViewCell.xib in Resources */,
				238C8193264E711C00417477 /* data.json in Resources */,
				2869ABFD24F7C503004962A7 /* style.css in Resources */,
				2338B34A264D569C00D47FC7 /* CategoryCollectionViewCell.xib in Resources */,
				2877F6DC247D6E9600605677 /* LaunchScreen.storyboard in Resources */,
				A82ACD142653CD7900BBE8FA /* ListTableTopSectionHeaderView.xib in Resources */,
				2885551D251B491500392FC3 /* Localizable.stringsdict in Resources */,
				287FFBB925092B130022CD5F /* VoiceOverPasteView.xib in Resources */,
				2877F6E8247D725C00605677 /* SourceSansPro-SemiBold.ttf in Resources */,
				2877F6E9247D725C00605677 /* SourceSansPro-Bold.ttf in Resources */,
				2875FF4124FFA5710049A6B9 /* VoiceOverLinksView.xib in Resources */,
				287468F4247E65C80089BB32 /* TitleTableViewCell.xib in Resources */,
				288554FD251A01EE00392FC3 /* Localizable.strings in Resources */,
				28E1A0852525D6C300604CFF /* GoogleService-Info.plist in Resources */,
				2804152D2518E8A300B48F60 /* VoiceOverSelectionView.xib in Resources */,
				2893227C24C9860400EBB447 /* VoiceOver.storyboard in Resources */,
				2877F6D9247D6E9600605677 /* Assets.xcassets in Resources */,
				2877F6D7247D6E9200605677 /* Main.storyboard in Resources */,
				234059A82636C4E500C06463 /* Authentication.storyboard in Resources */,
			);
			runOnlyForDeploymentPostprocessing = 0;
		};
/* End PBXResourcesBuildPhase section */

/* Begin PBXShellScriptBuildPhase section */
		28E1A0972525D7C100604CFF /* Crashlytics */ = {
			isa = PBXShellScriptBuildPhase;
			buildActionMask = 2147483647;
			files = (
			);
			inputFileListPaths = (
			);
			inputPaths = (
				"${DWARF_DSYM_FOLDER_PATH}/${DWARF_DSYM_FILE_NAME}/Contents/Resources/DWARF/${TARGET_NAME}",
				"$(SRCROOT)/$(BUILT_PRODUCTS_DIR)/$(INFOPLIST_PATH)",
			);
			name = Crashlytics;
			outputFileListPaths = (
			);
			outputPaths = (
			);
			runOnlyForDeploymentPostprocessing = 0;
			shellPath = /bin/sh;
			shellScript = "\"${PODS_ROOT}/FirebaseCrashlytics/run\"\n";
		};
		569406FEA48E95CE3D6B6218 /* [CP] Check Pods Manifest.lock */ = {
			isa = PBXShellScriptBuildPhase;
			buildActionMask = 2147483647;
			files = (
			);
			inputFileListPaths = (
			);
			inputPaths = (
				"${PODS_PODFILE_DIR_PATH}/Podfile.lock",
				"${PODS_ROOT}/Manifest.lock",
			);
			name = "[CP] Check Pods Manifest.lock";
			outputFileListPaths = (
			);
			outputPaths = (
				"$(DERIVED_FILE_DIR)/Pods-Appt-checkManifestLockResult.txt",
			);
			runOnlyForDeploymentPostprocessing = 0;
			shellPath = /bin/sh;
			shellScript = "diff \"${PODS_PODFILE_DIR_PATH}/Podfile.lock\" \"${PODS_ROOT}/Manifest.lock\" > /dev/null\nif [ $? != 0 ] ; then\n    # print error to STDERR\n    echo \"error: The sandbox is not in sync with the Podfile.lock. Run 'pod install' or update your CocoaPods installation.\" >&2\n    exit 1\nfi\n# This output is used by Xcode 'outputs' to avoid re-running this script phase.\necho \"SUCCESS\" > \"${SCRIPT_OUTPUT_FILE_0}\"\n";
			showEnvVarsInLog = 0;
		};
		56BD8DADAE56C84E7FB71CB6 /* [CP] Embed Pods Frameworks */ = {
			isa = PBXShellScriptBuildPhase;
			buildActionMask = 2147483647;
			files = (
			);
			inputFileListPaths = (
				"${PODS_ROOT}/Target Support Files/Pods-Appt/Pods-Appt-frameworks-${CONFIGURATION}-input-files.xcfilelist",
			);
			name = "[CP] Embed Pods Frameworks";
			outputFileListPaths = (
				"${PODS_ROOT}/Target Support Files/Pods-Appt/Pods-Appt-frameworks-${CONFIGURATION}-output-files.xcfilelist",
			);
			runOnlyForDeploymentPostprocessing = 0;
			shellPath = /bin/sh;
			shellScript = "\"${PODS_ROOT}/Target Support Files/Pods-Appt/Pods-Appt-frameworks.sh\"\n";
			showEnvVarsInLog = 0;
		};
/* End PBXShellScriptBuildPhase section */

/* Begin PBXSourcesBuildPhase section */
		2877F6C6247D6E9200605677 /* Sources */ = {
			isa = PBXSourcesBuildPhase;
			buildActionMask = 2147483647;
			files = (
				28EFEBA42487E9AA0070879A /* Taxonomy.swift in Sources */,
				28F42FAB24FF95860028E560 /* Action.swift in Sources */,
				2804152A2518E89700B48F60 /* VoiceOverSelectionView.swift in Sources */,
				2852CF062486AA820063F3E4 /* _UIAccessibility.swift in Sources */,
				23FD95F626394CBB0029F77B /* RegistrationViewController.swift in Sources */,
				28A1CF012521D27F009C2F44 /* Response.swift in Sources */,
				2892317E24EBBEB000ED006B /* VoiceOverEnableViewController.swift in Sources */,
				2899FFB8248112D6009D8102 /* _UIStoryboard.swift in Sources */,
				28051BDD24CB343D008EEB1E /* Position.swift in Sources */,
				287468E9247E64930089BB32 /* _UIView.swift in Sources */,
				28855515251A44B600392FC3 /* _CGFloat.swift in Sources */,
				28DF7C922480175700CB467A /* ViewController.swift in Sources */,
				2840D9CE24D45B34000FB3E6 /* RotationGestureView.swift in Sources */,
				28E267A724A6020C0025215C /* _UIStoryboardSegue.swift in Sources */,
				A89FD44B265BE43C006ED9EE /* _UIImage.swift in Sources */,
				28E1A0702525CC6100604CFF /* _URL.swift in Sources */,
				A8A30151265FCA1A00375B02 /* HomeItem.swift in Sources */,
				28FBED8F251F5304009CA3FA /* WebViewController.swift in Sources */,
				2338B34C264D7F3200D47FC7 /* Subject.swift in Sources */,
				232D74EA264E771200937E0D /* SubjectListViewController.swift in Sources */,
				2877F6E4247D71E600605677 /* _UIColor.swift in Sources */,
				2877F6D4247D6E9200605677 /* TrainingViewController.swift in Sources */,
				287468ED247E64F90089BB32 /* _DispatchQueue.swift in Sources */,
				232D74F4264E979800937E0D /* BlocksCollectionSectionHeaderView.swift in Sources */,
				28FBED96251F6094009CA3FA /* Topic.swift in Sources */,
				28EFEBA22487E90A0070879A /* FiltersViewController.swift in Sources */,
				2362C2FE264AAFE800C4FEE7 /* LoginViewController.swift in Sources */,
				287468E5247E63A50089BB32 /* _UICollectionView.swift in Sources */,
				286A093B24FD38E600B4DBBE /* VoiceOverActionViewController.swift in Sources */,
				2362C2FA264AA0FF00C4FEE7 /* SecondaryMultilineButton.swift in Sources */,
				282F607224A3E688005B1279 /* GestureView.swift in Sources */,
				23CCFA05263813F000F9F4A9 /* UserTypeViewController.swift in Sources */,
				2362C2FC264AA1CA00C4FEE7 /* PrimaryMultilineButton.swift in Sources */,
				2875FF3F24FFA5670049A6B9 /* VoiceOverLinksView.swift in Sources */,
				28C5F82924EC233700BA8F33 /* LongPressGestureView.swift in Sources */,
				A89FD44E265C0121006ED9EE /* ServicesViewController.swift in Sources */,
				A89FD450265D66A4006ED9EE /* User.swift in Sources */,
				2843827F24ED6D4F0015B2C5 /* Alert.swift in Sources */,
				281F87FC24D172B5004AABC2 /* TableViewController.swift in Sources */,
				238BF9D1264C026E00F0CB0D /* NewPasswordViewController.swift in Sources */,
				2877F6D2247D6E9200605677 /* NewsViewController.swift in Sources */,
				28E267A524A5FF360025215C /* Gesture.swift in Sources */,
				287FFBB525090A0C0022CD5F /* VoiceOverCopyView.swift in Sources */,
				233FB2382639914D0031E58C /* AuthenticationTextField.swift in Sources */,
				A8BDCF77265E8815007D7126 /* UserDefaultsStorage.swift in Sources */,
				234059B12636C65300C06463 /* WelcomeViewController.swift in Sources */,
				2893227724C9844500EBB447 /* Course.swift in Sources */,
				A82ACD1626550D6A00BBE8FA /* ProfileViewController.swift in Sources */,
				233FB23A263994990031E58C /* Constants.swift in Sources */,
				2338B349264D569C00D47FC7 /* CategoryCollectionViewCell.swift in Sources */,
				28639F7325E4047C00C29BB5 /* NavigationController.swift in Sources */,
				2338B342264D49C100D47FC7 /* HomeViewController.swift in Sources */,
				28051BD124CB11AC008EEB1E /* SwipeGestureView.swift in Sources */,
				287468E2247E60BB0089BB32 /* Content.swift in Sources */,
				2835A05E2524B47D0011C788 /* Direction.swift in Sources */,
				233FB2342639782E0031E58C /* _UITextField.swift in Sources */,
				2362C300264AC3A300C4FEE7 /* EmailEntryViewController.swift in Sources */,
				287FFBBB25092B1D0022CD5F /* VoiceOverPasteView.swift in Sources */,
				232D74F1264E8ED500937E0D /* ViewEmbedder.swift in Sources */,
				28E0C414247D8AB8008B3CAD /* Article.swift in Sources */,
				287063C724A380F9004E87AF /* MoreViewController.swift in Sources */,
				287468F6247E675C0089BB32 /* _String.swift in Sources */,
				A82ACD122653CD6A00BBE8FA /* ListTableTopSectionHeaderView.swift in Sources */,
				2869ABFF24F7C84E004962A7 /* VoiceOverHeadingsView.swift in Sources */,
				2892318024EC1BB900ED006B /* VoiceOverActionsViewController.swift in Sources */,
				28E0C418247D8B46008B3CAD /* _NSObject.swift in Sources */,
				2870FF1C2525FC0F00377B44 /* TextField.swift in Sources */,
				239BF6FE264C2E490068EC13 /* UserType.swift in Sources */,
				2338B344264D50BF00D47FC7 /* SubjectBlocksViewController.swift in Sources */,
				28C5F82B24EC2A9000BA8F33 /* DefaultGestureView.swift in Sources */,
				2893227424C9830000EBB447 /* VoiceOverGesturesViewController.swift in Sources */,
				2877F6CE247D6E9200605677 /* AppDelegate.swift in Sources */,
				2877F6F2247D7D9700605677 /* API.swift in Sources */,
				2869AC0324F7CE35004962A7 /* VoiceOverView.swift in Sources */,
				287468EB247E64A60089BB32 /* _UITableView.swift in Sources */,
				230BE9AD2636EEFE0026A90B /* MultilineButton.swift in Sources */,
				287063C924A38A37004E87AF /* VoiceOverGestureViewController.swift in Sources */,
				28EB52742524E41D00DE4DE9 /* _CGPoint.swift in Sources */,
				2892317A24EA951600ED006B /* SlideGestureView.swift in Sources */,
				2840D9CA24D45808000FB3E6 /* TouchGestureView.swift in Sources */,
				2885552C251B78F100392FC3 /* _Direction.swift in Sources */,
				2892317C24EAD90000ED006B /* EscapeGestureView.swift in Sources */,
				233FB236263991150031E58C /* PaddingLabel.swift in Sources */,
				28E0C41A247D8B70008B3CAD /* Config.swift in Sources */,
				28EFEBAA248923410070879A /* _UIViewController.swift in Sources */,
				2877F6D0247D6E9200605677 /* SceneDelegate.swift in Sources */,
				287468F2247E65620089BB32 /* TitleTableViewCell.swift in Sources */,
				232D74ED264E779400937E0D /* ImageTitleTableViewCell.swift in Sources */,
				28639F5125E3F9F200C29BB5 /* KnowledgeViewController.swift in Sources */,
				2899FFB62481125A009D8102 /* ArticleViewController.swift in Sources */,
				281BD80024A92DF500B556A7 /* TapGestureView.swift in Sources */,
				28E0C416247D8B33008B3CAD /* _Encodable.swift in Sources */,
				2841518E2525DAE100CB3750 /* Events.swift in Sources */,
				288554F62519EFD300392FC3 /* ScrollViewController.swift in Sources */,
				287468E7247E63CD0089BB32 /* _UIFont.swift in Sources */,
			);
			runOnlyForDeploymentPostprocessing = 0;
		};
/* End PBXSourcesBuildPhase section */

/* Begin PBXVariantGroup section */
		2877F6D5247D6E9200605677 /* Main.storyboard */ = {
			isa = PBXVariantGroup;
			children = (
				28C5F82624EC1FFD00BA8F33 /* Base */,
			);
			name = Main.storyboard;
			sourceTree = "<group>";
		};
		2877F6DA247D6E9600605677 /* LaunchScreen.storyboard */ = {
			isa = PBXVariantGroup;
			children = (
				28C5F82724EC1FFD00BA8F33 /* Base */,
			);
			name = LaunchScreen.storyboard;
			sourceTree = "<group>";
		};
/* End PBXVariantGroup section */

/* Begin XCBuildConfiguration section */
		2877F6DE247D6E9600605677 /* Debug */ = {
			isa = XCBuildConfiguration;
			buildSettings = {
				ALWAYS_SEARCH_USER_PATHS = NO;
				CLANG_ANALYZER_LOCALIZABILITY_NONLOCALIZED = YES;
				CLANG_ANALYZER_NONNULL = YES;
				CLANG_ANALYZER_NUMBER_OBJECT_CONVERSION = YES_AGGRESSIVE;
				CLANG_CXX_LANGUAGE_STANDARD = "gnu++14";
				CLANG_CXX_LIBRARY = "libc++";
				CLANG_ENABLE_MODULES = YES;
				CLANG_ENABLE_OBJC_ARC = YES;
				CLANG_ENABLE_OBJC_WEAK = YES;
				CLANG_WARN_BLOCK_CAPTURE_AUTORELEASING = YES;
				CLANG_WARN_BOOL_CONVERSION = YES;
				CLANG_WARN_COMMA = YES;
				CLANG_WARN_CONSTANT_CONVERSION = YES;
				CLANG_WARN_DEPRECATED_OBJC_IMPLEMENTATIONS = YES;
				CLANG_WARN_DIRECT_OBJC_ISA_USAGE = YES_ERROR;
				CLANG_WARN_DOCUMENTATION_COMMENTS = YES;
				CLANG_WARN_EMPTY_BODY = YES;
				CLANG_WARN_ENUM_CONVERSION = YES;
				CLANG_WARN_INFINITE_RECURSION = YES;
				CLANG_WARN_INT_CONVERSION = YES;
				CLANG_WARN_NON_LITERAL_NULL_CONVERSION = YES;
				CLANG_WARN_OBJC_IMPLICIT_RETAIN_SELF = YES;
				CLANG_WARN_OBJC_LITERAL_CONVERSION = YES;
				CLANG_WARN_OBJC_ROOT_CLASS = YES_ERROR;
				CLANG_WARN_QUOTED_INCLUDE_IN_FRAMEWORK_HEADER = YES;
				CLANG_WARN_RANGE_LOOP_ANALYSIS = YES;
				CLANG_WARN_STRICT_PROTOTYPES = YES;
				CLANG_WARN_SUSPICIOUS_MOVE = YES;
				CLANG_WARN_UNGUARDED_AVAILABILITY = YES_AGGRESSIVE;
				CLANG_WARN_UNREACHABLE_CODE = YES;
				CLANG_WARN__DUPLICATE_METHOD_MATCH = YES;
				COPY_PHASE_STRIP = NO;
				DEBUG_INFORMATION_FORMAT = dwarf;
				ENABLE_STRICT_OBJC_MSGSEND = YES;
				ENABLE_TESTABILITY = YES;
				GCC_C_LANGUAGE_STANDARD = gnu11;
				GCC_DYNAMIC_NO_PIC = NO;
				GCC_NO_COMMON_BLOCKS = YES;
				GCC_OPTIMIZATION_LEVEL = 0;
				GCC_PREPROCESSOR_DEFINITIONS = (
					"DEBUG=1",
					"$(inherited)",
				);
				GCC_WARN_64_TO_32_BIT_CONVERSION = YES;
				GCC_WARN_ABOUT_RETURN_TYPE = YES_ERROR;
				GCC_WARN_UNDECLARED_SELECTOR = YES;
				GCC_WARN_UNINITIALIZED_AUTOS = YES_AGGRESSIVE;
				GCC_WARN_UNUSED_FUNCTION = YES;
				GCC_WARN_UNUSED_VARIABLE = YES;
				IPHONEOS_DEPLOYMENT_TARGET = 11.0;
				MTL_ENABLE_DEBUG_INFO = INCLUDE_SOURCE;
				MTL_FAST_MATH = YES;
				ONLY_ACTIVE_ARCH = YES;
				SDKROOT = iphoneos;
				SWIFT_ACTIVE_COMPILATION_CONDITIONS = DEBUG;
				SWIFT_OPTIMIZATION_LEVEL = "-Onone";
			};
			name = Debug;
		};
		2877F6DF247D6E9600605677 /* Release */ = {
			isa = XCBuildConfiguration;
			buildSettings = {
				ALWAYS_SEARCH_USER_PATHS = NO;
				CLANG_ANALYZER_LOCALIZABILITY_NONLOCALIZED = YES;
				CLANG_ANALYZER_NONNULL = YES;
				CLANG_ANALYZER_NUMBER_OBJECT_CONVERSION = YES_AGGRESSIVE;
				CLANG_CXX_LANGUAGE_STANDARD = "gnu++14";
				CLANG_CXX_LIBRARY = "libc++";
				CLANG_ENABLE_MODULES = YES;
				CLANG_ENABLE_OBJC_ARC = YES;
				CLANG_ENABLE_OBJC_WEAK = YES;
				CLANG_WARN_BLOCK_CAPTURE_AUTORELEASING = YES;
				CLANG_WARN_BOOL_CONVERSION = YES;
				CLANG_WARN_COMMA = YES;
				CLANG_WARN_CONSTANT_CONVERSION = YES;
				CLANG_WARN_DEPRECATED_OBJC_IMPLEMENTATIONS = YES;
				CLANG_WARN_DIRECT_OBJC_ISA_USAGE = YES_ERROR;
				CLANG_WARN_DOCUMENTATION_COMMENTS = YES;
				CLANG_WARN_EMPTY_BODY = YES;
				CLANG_WARN_ENUM_CONVERSION = YES;
				CLANG_WARN_INFINITE_RECURSION = YES;
				CLANG_WARN_INT_CONVERSION = YES;
				CLANG_WARN_NON_LITERAL_NULL_CONVERSION = YES;
				CLANG_WARN_OBJC_IMPLICIT_RETAIN_SELF = YES;
				CLANG_WARN_OBJC_LITERAL_CONVERSION = YES;
				CLANG_WARN_OBJC_ROOT_CLASS = YES_ERROR;
				CLANG_WARN_QUOTED_INCLUDE_IN_FRAMEWORK_HEADER = YES;
				CLANG_WARN_RANGE_LOOP_ANALYSIS = YES;
				CLANG_WARN_STRICT_PROTOTYPES = YES;
				CLANG_WARN_SUSPICIOUS_MOVE = YES;
				CLANG_WARN_UNGUARDED_AVAILABILITY = YES_AGGRESSIVE;
				CLANG_WARN_UNREACHABLE_CODE = YES;
				CLANG_WARN__DUPLICATE_METHOD_MATCH = YES;
				COPY_PHASE_STRIP = NO;
				DEBUG_INFORMATION_FORMAT = "dwarf-with-dsym";
				ENABLE_NS_ASSERTIONS = NO;
				ENABLE_STRICT_OBJC_MSGSEND = YES;
				GCC_C_LANGUAGE_STANDARD = gnu11;
				GCC_NO_COMMON_BLOCKS = YES;
				GCC_WARN_64_TO_32_BIT_CONVERSION = YES;
				GCC_WARN_ABOUT_RETURN_TYPE = YES_ERROR;
				GCC_WARN_UNDECLARED_SELECTOR = YES;
				GCC_WARN_UNINITIALIZED_AUTOS = YES_AGGRESSIVE;
				GCC_WARN_UNUSED_FUNCTION = YES;
				GCC_WARN_UNUSED_VARIABLE = YES;
				IPHONEOS_DEPLOYMENT_TARGET = 11.0;
				MTL_ENABLE_DEBUG_INFO = NO;
				MTL_FAST_MATH = YES;
				SDKROOT = iphoneos;
				SWIFT_COMPILATION_MODE = wholemodule;
				SWIFT_OPTIMIZATION_LEVEL = "-O";
				VALIDATE_PRODUCT = YES;
			};
			name = Release;
		};
		2877F6E1247D6E9600605677 /* Debug */ = {
			isa = XCBuildConfiguration;
			baseConfigurationReference = D42E7B11D61BB525BAE85022 /* Pods-Appt.debug.xcconfig */;
			buildSettings = {
				ASSETCATALOG_COMPILER_APPICON_NAME = AppIcon;
				CODE_SIGN_IDENTITY = "Apple Development";
				CODE_SIGN_STYLE = Automatic;
				CURRENT_PROJECT_VERSION = 2;
				DEFINES_MODULE = YES;
				DEVELOPMENT_TEAM = 38ZQQ7P8N4;
				INFOPLIST_FILE = Appt/Info.plist;
				IPHONEOS_DEPLOYMENT_TARGET = 11.0;
				LD_RUNPATH_SEARCH_PATHS = (
					"$(inherited)",
					"@executable_path/Frameworks",
				);
				MARKETING_VERSION = 1.1.0;
				PRODUCT_BUNDLE_IDENTIFIER = nl.appt;
				PRODUCT_NAME = Appt;
				PROVISIONING_PROFILE_SPECIFIER = "";
				SWIFT_OBJC_BRIDGING_HEADER = "";
				SWIFT_VERSION = 5.0;
				TARGETED_DEVICE_FAMILY = "1,2";
			};
			name = Debug;
		};
		2877F6E2247D6E9600605677 /* Release */ = {
			isa = XCBuildConfiguration;
			baseConfigurationReference = 7D62BB23F0FE76F21FDA1BE2 /* Pods-Appt.release.xcconfig */;
			buildSettings = {
				ASSETCATALOG_COMPILER_APPICON_NAME = AppIcon;
				CODE_SIGN_IDENTITY = "Apple Development";
				CODE_SIGN_STYLE = Automatic;
				CURRENT_PROJECT_VERSION = 2;
				DEFINES_MODULE = YES;
				DEVELOPMENT_TEAM = 38ZQQ7P8N4;
				INFOPLIST_FILE = Appt/Info.plist;
				IPHONEOS_DEPLOYMENT_TARGET = 11.0;
				LD_RUNPATH_SEARCH_PATHS = (
					"$(inherited)",
					"@executable_path/Frameworks",
				);
				MARKETING_VERSION = 1.1.0;
				PRODUCT_BUNDLE_IDENTIFIER = nl.appt;
				PRODUCT_NAME = Appt;
				PROVISIONING_PROFILE_SPECIFIER = "";
				SWIFT_OBJC_BRIDGING_HEADER = "";
				SWIFT_VERSION = 5.0;
				TARGETED_DEVICE_FAMILY = "1,2";
			};
			name = Release;
		};
/* End XCBuildConfiguration section */

/* Begin XCConfigurationList section */
		2877F6C5247D6E9100605677 /* Build configuration list for PBXProject "Appt" */ = {
			isa = XCConfigurationList;
			buildConfigurations = (
				2877F6DE247D6E9600605677 /* Debug */,
				2877F6DF247D6E9600605677 /* Release */,
			);
			defaultConfigurationIsVisible = 0;
			defaultConfigurationName = Release;
		};
		2877F6E0247D6E9600605677 /* Build configuration list for PBXNativeTarget "Appt" */ = {
			isa = XCConfigurationList;
			buildConfigurations = (
				2877F6E1247D6E9600605677 /* Debug */,
				2877F6E2247D6E9600605677 /* Release */,
			);
			defaultConfigurationIsVisible = 0;
			defaultConfigurationName = Release;
		};
/* End XCConfigurationList section */
	};
	rootObject = 2877F6C2247D6E9100605677 /* Project object */;
}
