// !$*UTF8*$!
{
	archiveVersion = 1;
	classes = {
	};
	objectVersion = 51;
	objects = {

/* Begin PBXBuildFile section */
		2852CF062486AA820063F3E4 /* _UIAccessibility.swift in Sources */ = {isa = PBXBuildFile; fileRef = 2852CF052486AA820063F3E4 /* _UIAccessibility.swift */; };
		287468E2247E60BB0089BB32 /* Content.swift in Sources */ = {isa = PBXBuildFile; fileRef = 287468E1247E60BB0089BB32 /* Content.swift */; };
		287468E5247E63A50089BB32 /* _UICollectionView.swift in Sources */ = {isa = PBXBuildFile; fileRef = 287468E4247E63A50089BB32 /* _UICollectionView.swift */; };
		287468E7247E63CD0089BB32 /* _UIFont.swift in Sources */ = {isa = PBXBuildFile; fileRef = 287468E6247E63CD0089BB32 /* _UIFont.swift */; };
		287468E9247E64930089BB32 /* _UIView.swift in Sources */ = {isa = PBXBuildFile; fileRef = 287468E8247E64930089BB32 /* _UIView.swift */; };
		287468EB247E64A60089BB32 /* _UITableView.swift in Sources */ = {isa = PBXBuildFile; fileRef = 287468EA247E64A60089BB32 /* _UITableView.swift */; };
		287468ED247E64F90089BB32 /* _DispatchQueue.swift in Sources */ = {isa = PBXBuildFile; fileRef = 287468EC247E64F90089BB32 /* _DispatchQueue.swift */; };
		287468F2247E65620089BB32 /* TitleTableViewCell.swift in Sources */ = {isa = PBXBuildFile; fileRef = 287468F1247E65620089BB32 /* TitleTableViewCell.swift */; };
		287468F4247E65C80089BB32 /* TitleTableViewCell.xib in Resources */ = {isa = PBXBuildFile; fileRef = 287468F3247E65C80089BB32 /* TitleTableViewCell.xib */; };
		287468F6247E675C0089BB32 /* _String.swift in Sources */ = {isa = PBXBuildFile; fileRef = 287468F5247E675C0089BB32 /* _String.swift */; };
		2877F6CE247D6E9200605677 /* AppDelegate.swift in Sources */ = {isa = PBXBuildFile; fileRef = 2877F6CD247D6E9200605677 /* AppDelegate.swift */; };
		2877F6D0247D6E9200605677 /* SceneDelegate.swift in Sources */ = {isa = PBXBuildFile; fileRef = 2877F6CF247D6E9200605677 /* SceneDelegate.swift */; };
		2877F6D2247D6E9200605677 /* KnowledgeViewController.swift in Sources */ = {isa = PBXBuildFile; fileRef = 2877F6D1247D6E9200605677 /* KnowledgeViewController.swift */; };
		2877F6D4247D6E9200605677 /* TutorialsViewController.swift in Sources */ = {isa = PBXBuildFile; fileRef = 2877F6D3247D6E9200605677 /* TutorialsViewController.swift */; };
		2877F6D7247D6E9200605677 /* Main.storyboard in Resources */ = {isa = PBXBuildFile; fileRef = 2877F6D5247D6E9200605677 /* Main.storyboard */; };
		2877F6D9247D6E9600605677 /* Assets.xcassets in Resources */ = {isa = PBXBuildFile; fileRef = 2877F6D8247D6E9600605677 /* Assets.xcassets */; };
		2877F6DC247D6E9600605677 /* LaunchScreen.storyboard in Resources */ = {isa = PBXBuildFile; fileRef = 2877F6DA247D6E9600605677 /* LaunchScreen.storyboard */; };
		2877F6E4247D71E600605677 /* _UIColor.swift in Sources */ = {isa = PBXBuildFile; fileRef = 2877F6E3247D71E600605677 /* _UIColor.swift */; };
		2877F6E8247D725C00605677 /* SourceSansPro-SemiBold.ttf in Resources */ = {isa = PBXBuildFile; fileRef = 2877F6E5247D725C00605677 /* SourceSansPro-SemiBold.ttf */; };
		2877F6E9247D725C00605677 /* SourceSansPro-Bold.ttf in Resources */ = {isa = PBXBuildFile; fileRef = 2877F6E6247D725C00605677 /* SourceSansPro-Bold.ttf */; };
		2877F6EA247D725C00605677 /* SourceSansPro.ttf in Resources */ = {isa = PBXBuildFile; fileRef = 2877F6E7247D725C00605677 /* SourceSansPro.ttf */; };
		2877F6F2247D7D9700605677 /* API.swift in Sources */ = {isa = PBXBuildFile; fileRef = 2877F6F1247D7D9700605677 /* API.swift */; };
		2899FFB62481125A009D8102 /* ArticleViewController.swift in Sources */ = {isa = PBXBuildFile; fileRef = 2899FFB52481125A009D8102 /* ArticleViewController.swift */; };
		2899FFB8248112D6009D8102 /* _UIStoryboard.swift in Sources */ = {isa = PBXBuildFile; fileRef = 2899FFB7248112D6009D8102 /* _UIStoryboard.swift */; };
		2899FFBA248113E7009D8102 /* WebKit.framework in Frameworks */ = {isa = PBXBuildFile; fileRef = 2899FFB9248113E7009D8102 /* WebKit.framework */; };
		28DF7C922480175700CB467A /* ViewController.swift in Sources */ = {isa = PBXBuildFile; fileRef = 28DF7C912480175700CB467A /* ViewController.swift */; };
		28E0C414247D8AB8008B3CAD /* Post.swift in Sources */ = {isa = PBXBuildFile; fileRef = 28E0C413247D8AB8008B3CAD /* Post.swift */; };
		28E0C416247D8B33008B3CAD /* _Encodable.swift in Sources */ = {isa = PBXBuildFile; fileRef = 28E0C415247D8B33008B3CAD /* _Encodable.swift */; };
		28E0C418247D8B46008B3CAD /* _NSObject.swift in Sources */ = {isa = PBXBuildFile; fileRef = 28E0C417247D8B46008B3CAD /* _NSObject.swift */; };
		28E0C41A247D8B70008B3CAD /* Config.swift in Sources */ = {isa = PBXBuildFile; fileRef = 28E0C419247D8B70008B3CAD /* Config.swift */; };
		28EFEBA22487E90A0070879A /* FilterViewController.swift in Sources */ = {isa = PBXBuildFile; fileRef = 28EFEBA12487E90A0070879A /* FilterViewController.swift */; };
		28EFEBA42487E9AA0070879A /* Taxonomy.swift in Sources */ = {isa = PBXBuildFile; fileRef = 28EFEBA32487E9AA0070879A /* Taxonomy.swift */; };
		28EFEBAA248923410070879A /* _UIViewController.swift in Sources */ = {isa = PBXBuildFile; fileRef = 28EFEBA9248923410070879A /* _UIViewController.swift */; };
		A2C241D6634BC96ED520751D /* Pods_Appt.framework in Frameworks */ = {isa = PBXBuildFile; fileRef = 0D42A21A05C8EA2FFA34EB45 /* Pods_Appt.framework */; };
/* End PBXBuildFile section */

/* Begin PBXFileReference section */
		0D42A21A05C8EA2FFA34EB45 /* Pods_Appt.framework */ = {isa = PBXFileReference; explicitFileType = wrapper.framework; includeInIndex = 0; path = Pods_Appt.framework; sourceTree = BUILT_PRODUCTS_DIR; };
		2852CF052486AA820063F3E4 /* _UIAccessibility.swift */ = {isa = PBXFileReference; lastKnownFileType = sourcecode.swift; path = _UIAccessibility.swift; sourceTree = "<group>"; };
		287468E1247E60BB0089BB32 /* Content.swift */ = {isa = PBXFileReference; lastKnownFileType = sourcecode.swift; path = Content.swift; sourceTree = "<group>"; };
		287468E4247E63A50089BB32 /* _UICollectionView.swift */ = {isa = PBXFileReference; lastKnownFileType = sourcecode.swift; path = _UICollectionView.swift; sourceTree = "<group>"; };
		287468E6247E63CD0089BB32 /* _UIFont.swift */ = {isa = PBXFileReference; lastKnownFileType = sourcecode.swift; path = _UIFont.swift; sourceTree = "<group>"; };
		287468E8247E64930089BB32 /* _UIView.swift */ = {isa = PBXFileReference; lastKnownFileType = sourcecode.swift; path = _UIView.swift; sourceTree = "<group>"; };
		287468EA247E64A60089BB32 /* _UITableView.swift */ = {isa = PBXFileReference; lastKnownFileType = sourcecode.swift; path = _UITableView.swift; sourceTree = "<group>"; };
		287468EC247E64F90089BB32 /* _DispatchQueue.swift */ = {isa = PBXFileReference; lastKnownFileType = sourcecode.swift; path = _DispatchQueue.swift; sourceTree = "<group>"; };
		287468F1247E65620089BB32 /* TitleTableViewCell.swift */ = {isa = PBXFileReference; lastKnownFileType = sourcecode.swift; path = TitleTableViewCell.swift; sourceTree = "<group>"; };
		287468F3247E65C80089BB32 /* TitleTableViewCell.xib */ = {isa = PBXFileReference; lastKnownFileType = file.xib; path = TitleTableViewCell.xib; sourceTree = "<group>"; };
		287468F5247E675C0089BB32 /* _String.swift */ = {isa = PBXFileReference; lastKnownFileType = sourcecode.swift; path = _String.swift; sourceTree = "<group>"; };
		2877F6CA247D6E9200605677 /* appt.app */ = {isa = PBXFileReference; explicitFileType = wrapper.application; includeInIndex = 0; path = appt.app; sourceTree = BUILT_PRODUCTS_DIR; };
		2877F6CD247D6E9200605677 /* AppDelegate.swift */ = {isa = PBXFileReference; lastKnownFileType = sourcecode.swift; path = AppDelegate.swift; sourceTree = "<group>"; };
		2877F6CF247D6E9200605677 /* SceneDelegate.swift */ = {isa = PBXFileReference; lastKnownFileType = sourcecode.swift; path = SceneDelegate.swift; sourceTree = "<group>"; };
		2877F6D1247D6E9200605677 /* KnowledgeViewController.swift */ = {isa = PBXFileReference; lastKnownFileType = sourcecode.swift; path = KnowledgeViewController.swift; sourceTree = "<group>"; };
		2877F6D3247D6E9200605677 /* TutorialsViewController.swift */ = {isa = PBXFileReference; lastKnownFileType = sourcecode.swift; path = TutorialsViewController.swift; sourceTree = "<group>"; };
		2877F6D6247D6E9200605677 /* Base */ = {isa = PBXFileReference; lastKnownFileType = file.storyboard; name = Base; path = Base.lproj/Main.storyboard; sourceTree = "<group>"; };
		2877F6D8247D6E9600605677 /* Assets.xcassets */ = {isa = PBXFileReference; lastKnownFileType = folder.assetcatalog; path = Assets.xcassets; sourceTree = "<group>"; };
		2877F6DB247D6E9600605677 /* Base */ = {isa = PBXFileReference; lastKnownFileType = file.storyboard; name = Base; path = Base.lproj/LaunchScreen.storyboard; sourceTree = "<group>"; };
		2877F6DD247D6E9600605677 /* Info.plist */ = {isa = PBXFileReference; lastKnownFileType = text.plist.xml; path = Info.plist; sourceTree = "<group>"; };
		2877F6E3247D71E600605677 /* _UIColor.swift */ = {isa = PBXFileReference; lastKnownFileType = sourcecode.swift; path = _UIColor.swift; sourceTree = "<group>"; };
		2877F6E5247D725C00605677 /* SourceSansPro-SemiBold.ttf */ = {isa = PBXFileReference; lastKnownFileType = file; path = "SourceSansPro-SemiBold.ttf"; sourceTree = "<group>"; };
		2877F6E6247D725C00605677 /* SourceSansPro-Bold.ttf */ = {isa = PBXFileReference; lastKnownFileType = file; path = "SourceSansPro-Bold.ttf"; sourceTree = "<group>"; };
		2877F6E7247D725C00605677 /* SourceSansPro.ttf */ = {isa = PBXFileReference; lastKnownFileType = file; path = SourceSansPro.ttf; sourceTree = "<group>"; };
		2877F6F1247D7D9700605677 /* API.swift */ = {isa = PBXFileReference; lastKnownFileType = sourcecode.swift; path = API.swift; sourceTree = "<group>"; };
		2899FFB52481125A009D8102 /* ArticleViewController.swift */ = {isa = PBXFileReference; lastKnownFileType = sourcecode.swift; path = ArticleViewController.swift; sourceTree = "<group>"; };
		2899FFB7248112D6009D8102 /* _UIStoryboard.swift */ = {isa = PBXFileReference; lastKnownFileType = sourcecode.swift; path = _UIStoryboard.swift; sourceTree = "<group>"; };
		2899FFB9248113E7009D8102 /* WebKit.framework */ = {isa = PBXFileReference; lastKnownFileType = wrapper.framework; name = WebKit.framework; path = System/Library/Frameworks/WebKit.framework; sourceTree = SDKROOT; };
		28DF7C912480175700CB467A /* ViewController.swift */ = {isa = PBXFileReference; lastKnownFileType = sourcecode.swift; path = ViewController.swift; sourceTree = "<group>"; };
		28E0C413247D8AB8008B3CAD /* Post.swift */ = {isa = PBXFileReference; lastKnownFileType = sourcecode.swift; path = Post.swift; sourceTree = "<group>"; };
		28E0C415247D8B33008B3CAD /* _Encodable.swift */ = {isa = PBXFileReference; lastKnownFileType = sourcecode.swift; path = _Encodable.swift; sourceTree = "<group>"; };
		28E0C417247D8B46008B3CAD /* _NSObject.swift */ = {isa = PBXFileReference; lastKnownFileType = sourcecode.swift; path = _NSObject.swift; sourceTree = "<group>"; };
		28E0C419247D8B70008B3CAD /* Config.swift */ = {isa = PBXFileReference; lastKnownFileType = sourcecode.swift; path = Config.swift; sourceTree = "<group>"; };
		28EFEBA12487E90A0070879A /* FilterViewController.swift */ = {isa = PBXFileReference; lastKnownFileType = sourcecode.swift; path = FilterViewController.swift; sourceTree = "<group>"; };
		28EFEBA32487E9AA0070879A /* Taxonomy.swift */ = {isa = PBXFileReference; lastKnownFileType = sourcecode.swift; path = Taxonomy.swift; sourceTree = "<group>"; };
		28EFEBA9248923410070879A /* _UIViewController.swift */ = {isa = PBXFileReference; lastKnownFileType = sourcecode.swift; path = _UIViewController.swift; sourceTree = "<group>"; };
		7D62BB23F0FE76F21FDA1BE2 /* Pods-Appt.release.xcconfig */ = {isa = PBXFileReference; includeInIndex = 1; lastKnownFileType = text.xcconfig; name = "Pods-Appt.release.xcconfig"; path = "Target Support Files/Pods-Appt/Pods-Appt.release.xcconfig"; sourceTree = "<group>"; };
		D42E7B11D61BB525BAE85022 /* Pods-Appt.debug.xcconfig */ = {isa = PBXFileReference; includeInIndex = 1; lastKnownFileType = text.xcconfig; name = "Pods-Appt.debug.xcconfig"; path = "Target Support Files/Pods-Appt/Pods-Appt.debug.xcconfig"; sourceTree = "<group>"; };
/* End PBXFileReference section */

/* Begin PBXFrameworksBuildPhase section */
		2877F6C7247D6E9200605677 /* Frameworks */ = {
			isa = PBXFrameworksBuildPhase;
			buildActionMask = 2147483647;
			files = (
				2899FFBA248113E7009D8102 /* WebKit.framework in Frameworks */,
				A2C241D6634BC96ED520751D /* Pods_Appt.framework in Frameworks */,
			);
			runOnlyForDeploymentPostprocessing = 0;
		};
/* End PBXFrameworksBuildPhase section */

/* Begin PBXGroup section */
		224CD9CB848BEFE792503798 /* Frameworks */ = {
			isa = PBXGroup;
			children = (
				2899FFB9248113E7009D8102 /* WebKit.framework */,
				0D42A21A05C8EA2FFA34EB45 /* Pods_Appt.framework */,
			);
			name = Frameworks;
			sourceTree = "<group>";
		};
		287468E3247E61740089BB32 /* Model */ = {
			isa = PBXGroup;
			children = (
				287468E1247E60BB0089BB32 /* Content.swift */,
				28E0C413247D8AB8008B3CAD /* Post.swift */,
				28EFEBA32487E9AA0070879A /* Taxonomy.swift */,
			);
			path = Model;
			sourceTree = "<group>";
		};
		287468EE247E65280089BB32 /* Views */ = {
			isa = PBXGroup;
			children = (
				287468F0247E65450089BB32 /* Cells */,
			);
			path = Views;
			sourceTree = "<group>";
		};
		287468EF247E65320089BB32 /* ViewControllers */ = {
			isa = PBXGroup;
			children = (
				28DF7C912480175700CB467A /* ViewController.swift */,
				2877F6D1247D6E9200605677 /* KnowledgeViewController.swift */,
				2877F6D3247D6E9200605677 /* TutorialsViewController.swift */,
				2899FFB52481125A009D8102 /* ArticleViewController.swift */,
				28EFEBA12487E90A0070879A /* FilterViewController.swift */,
			);
			path = ViewControllers;
			sourceTree = "<group>";
		};
		287468F0247E65450089BB32 /* Cells */ = {
			isa = PBXGroup;
			children = (
				287468F1247E65620089BB32 /* TitleTableViewCell.swift */,
				287468F3247E65C80089BB32 /* TitleTableViewCell.xib */,
			);
			path = Cells;
			sourceTree = "<group>";
		};
		2877F6C1247D6E9100605677 = {
			isa = PBXGroup;
			children = (
				2877F6CC247D6E9200605677 /* Appt */,
				2877F6CB247D6E9200605677 /* Products */,
				5F963E37E0FF08E157AB9853 /* Pods */,
				224CD9CB848BEFE792503798 /* Frameworks */,
			);
			sourceTree = "<group>";
		};
		2877F6CB247D6E9200605677 /* Products */ = {
			isa = PBXGroup;
			children = (
				2877F6CA247D6E9200605677 /* appt.app */,
			);
			name = Products;
			sourceTree = "<group>";
		};
		2877F6CC247D6E9200605677 /* Appt */ = {
			isa = PBXGroup;
			children = (
				2877F6CD247D6E9200605677 /* AppDelegate.swift */,
				2877F6CF247D6E9200605677 /* SceneDelegate.swift */,
				2877F6F0247D7D8E00605677 /* API */,
				2877F6EC247D727D00605677 /* Extensions */,
				287468E3247E61740089BB32 /* Model */,
				2877F6ED247D72B200605677 /* Resources */,
				287468EF247E65320089BB32 /* ViewControllers */,
				287468EE247E65280089BB32 /* Views */,
			);
			path = Appt;
			sourceTree = "<group>";
		};
		2877F6EC247D727D00605677 /* Extensions */ = {
			isa = PBXGroup;
			children = (
				287468EC247E64F90089BB32 /* _DispatchQueue.swift */,
				28E0C415247D8B33008B3CAD /* _Encodable.swift */,
				28E0C417247D8B46008B3CAD /* _NSObject.swift */,
				287468F5247E675C0089BB32 /* _String.swift */,
				2877F6E3247D71E600605677 /* _UIColor.swift */,
				287468E4247E63A50089BB32 /* _UICollectionView.swift */,
				287468E6247E63CD0089BB32 /* _UIFont.swift */,
				2852CF052486AA820063F3E4 /* _UIAccessibility.swift */,
				2899FFB7248112D6009D8102 /* _UIStoryboard.swift */,
				287468EA247E64A60089BB32 /* _UITableView.swift */,
				287468E8247E64930089BB32 /* _UIView.swift */,
				28EFEBA9248923410070879A /* _UIViewController.swift */,
			);
			path = Extensions;
			sourceTree = "<group>";
		};
		2877F6ED247D72B200605677 /* Resources */ = {
			isa = PBXGroup;
			children = (
				2877F6D8247D6E9600605677 /* Assets.xcassets */,
				2877F6DD247D6E9600605677 /* Info.plist */,
				2877F6D5247D6E9200605677 /* Main.storyboard */,
				2877F6DA247D6E9600605677 /* LaunchScreen.storyboard */,
				2877F6E6247D725C00605677 /* SourceSansPro-Bold.ttf */,
				2877F6E5247D725C00605677 /* SourceSansPro-SemiBold.ttf */,
				2877F6E7247D725C00605677 /* SourceSansPro.ttf */,
			);
			name = Resources;
			sourceTree = "<group>";
		};
		2877F6F0247D7D8E00605677 /* API */ = {
			isa = PBXGroup;
			children = (
				2877F6F1247D7D9700605677 /* API.swift */,
				28E0C419247D8B70008B3CAD /* Config.swift */,
			);
			path = API;
			sourceTree = "<group>";
		};
		5F963E37E0FF08E157AB9853 /* Pods */ = {
			isa = PBXGroup;
			children = (
				D42E7B11D61BB525BAE85022 /* Pods-Appt.debug.xcconfig */,
				7D62BB23F0FE76F21FDA1BE2 /* Pods-Appt.release.xcconfig */,
			);
			path = Pods;
			sourceTree = "<group>";
		};
/* End PBXGroup section */

/* Begin PBXNativeTarget section */
		2877F6C9247D6E9200605677 /* Appt */ = {
			isa = PBXNativeTarget;
			buildConfigurationList = 2877F6E0247D6E9600605677 /* Build configuration list for PBXNativeTarget "Appt" */;
			buildPhases = (
				569406FEA48E95CE3D6B6218 /* [CP] Check Pods Manifest.lock */,
				2877F6C6247D6E9200605677 /* Sources */,
				2877F6C7247D6E9200605677 /* Frameworks */,
				2877F6C8247D6E9200605677 /* Resources */,
				B892EA49176292086B51AB32 /* [CP] Embed Pods Frameworks */,
			);
			buildRules = (
			);
			dependencies = (
			);
			name = Appt;
			productName = Appt;
			productReference = 2877F6CA247D6E9200605677 /* appt.app */;
			productType = "com.apple.product-type.application";
		};
/* End PBXNativeTarget section */

/* Begin PBXProject section */
		2877F6C2247D6E9100605677 /* Project object */ = {
			isa = PBXProject;
			attributes = {
				LastSwiftUpdateCheck = 1150;
				LastUpgradeCheck = 1150;
				ORGANIZATIONNAME = "Abra B.V.";
				TargetAttributes = {
					2877F6C9247D6E9200605677 = {
						CreatedOnToolsVersion = 11.5;
					};
				};
			};
			buildConfigurationList = 2877F6C5247D6E9100605677 /* Build configuration list for PBXProject "Appt" */;
			compatibilityVersion = "Xcode 9.3";
			developmentRegion = en;
			hasScannedForEncodings = 0;
			knownRegions = (
				en,
				Base,
			);
			mainGroup = 2877F6C1247D6E9100605677;
			productRefGroup = 2877F6CB247D6E9200605677 /* Products */;
			projectDirPath = "";
			projectRoot = "";
			targets = (
				2877F6C9247D6E9200605677 /* Appt */,
			);
		};
/* End PBXProject section */

/* Begin PBXResourcesBuildPhase section */
		2877F6C8247D6E9200605677 /* Resources */ = {
			isa = PBXResourcesBuildPhase;
			buildActionMask = 2147483647;
			files = (
				2877F6EA247D725C00605677 /* SourceSansPro.ttf in Resources */,
				2877F6DC247D6E9600605677 /* LaunchScreen.storyboard in Resources */,
				2877F6E8247D725C00605677 /* SourceSansPro-SemiBold.ttf in Resources */,
				2877F6E9247D725C00605677 /* SourceSansPro-Bold.ttf in Resources */,
				287468F4247E65C80089BB32 /* TitleTableViewCell.xib in Resources */,
				2877F6D9247D6E9600605677 /* Assets.xcassets in Resources */,
				2877F6D7247D6E9200605677 /* Main.storyboard in Resources */,
			);
			runOnlyForDeploymentPostprocessing = 0;
		};
/* End PBXResourcesBuildPhase section */

/* Begin PBXShellScriptBuildPhase section */
		569406FEA48E95CE3D6B6218 /* [CP] Check Pods Manifest.lock */ = {
			isa = PBXShellScriptBuildPhase;
			buildActionMask = 2147483647;
			files = (
			);
			inputFileListPaths = (
			);
			inputPaths = (
				"${PODS_PODFILE_DIR_PATH}/Podfile.lock",
				"${PODS_ROOT}/Manifest.lock",
			);
			name = "[CP] Check Pods Manifest.lock";
			outputFileListPaths = (
			);
			outputPaths = (
				"$(DERIVED_FILE_DIR)/Pods-Appt-checkManifestLockResult.txt",
			);
			runOnlyForDeploymentPostprocessing = 0;
			shellPath = /bin/sh;
			shellScript = "diff \"${PODS_PODFILE_DIR_PATH}/Podfile.lock\" \"${PODS_ROOT}/Manifest.lock\" > /dev/null\nif [ $? != 0 ] ; then\n    # print error to STDERR\n    echo \"error: The sandbox is not in sync with the Podfile.lock. Run 'pod install' or update your CocoaPods installation.\" >&2\n    exit 1\nfi\n# This output is used by Xcode 'outputs' to avoid re-running this script phase.\necho \"SUCCESS\" > \"${SCRIPT_OUTPUT_FILE_0}\"\n";
			showEnvVarsInLog = 0;
		};
		B892EA49176292086B51AB32 /* [CP] Embed Pods Frameworks */ = {
			isa = PBXShellScriptBuildPhase;
			buildActionMask = 2147483647;
			files = (
			);
			inputFileListPaths = (
				"${PODS_ROOT}/Target Support Files/Pods-Appt/Pods-Appt-frameworks-${CONFIGURATION}-input-files.xcfilelist",
			);
			name = "[CP] Embed Pods Frameworks";
			outputFileListPaths = (
				"${PODS_ROOT}/Target Support Files/Pods-Appt/Pods-Appt-frameworks-${CONFIGURATION}-output-files.xcfilelist",
			);
			runOnlyForDeploymentPostprocessing = 0;
			shellPath = /bin/sh;
			shellScript = "\"${PODS_ROOT}/Target Support Files/Pods-Appt/Pods-Appt-frameworks.sh\"\n";
			showEnvVarsInLog = 0;
		};
/* End PBXShellScriptBuildPhase section */

/* Begin PBXSourcesBuildPhase section */
		2877F6C6247D6E9200605677 /* Sources */ = {
			isa = PBXSourcesBuildPhase;
			buildActionMask = 2147483647;
			files = (
				28EFEBA42487E9AA0070879A /* Taxonomy.swift in Sources */,
				2852CF062486AA820063F3E4 /* _UIAccessibility.swift in Sources */,
				2899FFB8248112D6009D8102 /* _UIStoryboard.swift in Sources */,
				287468E9247E64930089BB32 /* _UIView.swift in Sources */,
				28DF7C922480175700CB467A /* ViewController.swift in Sources */,
				2877F6E4247D71E600605677 /* _UIColor.swift in Sources */,
				2877F6D4247D6E9200605677 /* TutorialsViewController.swift in Sources */,
				287468ED247E64F90089BB32 /* _DispatchQueue.swift in Sources */,
				28EFEBA22487E90A0070879A /* FilterViewController.swift in Sources */,
				287468E5247E63A50089BB32 /* _UICollectionView.swift in Sources */,
				2877F6D2247D6E9200605677 /* KnowledgeViewController.swift in Sources */,
				287468E2247E60BB0089BB32 /* Content.swift in Sources */,
				28E0C414247D8AB8008B3CAD /* Post.swift in Sources */,
				287468F6247E675C0089BB32 /* _String.swift in Sources */,
				28E0C418247D8B46008B3CAD /* _NSObject.swift in Sources */,
				2877F6CE247D6E9200605677 /* AppDelegate.swift in Sources */,
				2877F6F2247D7D9700605677 /* API.swift in Sources */,
				287468EB247E64A60089BB32 /* _UITableView.swift in Sources */,
				28E0C41A247D8B70008B3CAD /* Config.swift in Sources */,
				28EFEBAA248923410070879A /* _UIViewController.swift in Sources */,
				2877F6D0247D6E9200605677 /* SceneDelegate.swift in Sources */,
				287468F2247E65620089BB32 /* TitleTableViewCell.swift in Sources */,
				2899FFB62481125A009D8102 /* ArticleViewController.swift in Sources */,
				28E0C416247D8B33008B3CAD /* _Encodable.swift in Sources */,
				287468E7247E63CD0089BB32 /* _UIFont.swift in Sources */,
			);
			runOnlyForDeploymentPostprocessing = 0;
		};
/* End PBXSourcesBuildPhase section */

/* Begin PBXVariantGroup section */
		2877F6D5247D6E9200605677 /* Main.storyboard */ = {
			isa = PBXVariantGroup;
			children = (
				2877F6D6247D6E9200605677 /* Base */,
			);
			name = Main.storyboard;
			sourceTree = "<group>";
		};
		2877F6DA247D6E9600605677 /* LaunchScreen.storyboard */ = {
			isa = PBXVariantGroup;
			children = (
				2877F6DB247D6E9600605677 /* Base */,
			);
			name = LaunchScreen.storyboard;
			sourceTree = "<group>";
		};
/* End PBXVariantGroup section */

/* Begin XCBuildConfiguration section */
		2877F6DE247D6E9600605677 /* Debug */ = {
			isa = XCBuildConfiguration;
			buildSettings = {
				ALWAYS_SEARCH_USER_PATHS = NO;
				CLANG_ANALYZER_NONNULL = YES;
				CLANG_ANALYZER_NUMBER_OBJECT_CONVERSION = YES_AGGRESSIVE;
				CLANG_CXX_LANGUAGE_STANDARD = "gnu++14";
				CLANG_CXX_LIBRARY = "libc++";
				CLANG_ENABLE_MODULES = YES;
				CLANG_ENABLE_OBJC_ARC = YES;
				CLANG_ENABLE_OBJC_WEAK = YES;
				CLANG_WARN_BLOCK_CAPTURE_AUTORELEASING = YES;
				CLANG_WARN_BOOL_CONVERSION = YES;
				CLANG_WARN_COMMA = YES;
				CLANG_WARN_CONSTANT_CONVERSION = YES;
				CLANG_WARN_DEPRECATED_OBJC_IMPLEMENTATIONS = YES;
				CLANG_WARN_DIRECT_OBJC_ISA_USAGE = YES_ERROR;
				CLANG_WARN_DOCUMENTATION_COMMENTS = YES;
				CLANG_WARN_EMPTY_BODY = YES;
				CLANG_WARN_ENUM_CONVERSION = YES;
				CLANG_WARN_INFINITE_RECURSION = YES;
				CLANG_WARN_INT_CONVERSION = YES;
				CLANG_WARN_NON_LITERAL_NULL_CONVERSION = YES;
				CLANG_WARN_OBJC_IMPLICIT_RETAIN_SELF = YES;
				CLANG_WARN_OBJC_LITERAL_CONVERSION = YES;
				CLANG_WARN_OBJC_ROOT_CLASS = YES_ERROR;
				CLANG_WARN_RANGE_LOOP_ANALYSIS = YES;
				CLANG_WARN_STRICT_PROTOTYPES = YES;
				CLANG_WARN_SUSPICIOUS_MOVE = YES;
				CLANG_WARN_UNGUARDED_AVAILABILITY = YES_AGGRESSIVE;
				CLANG_WARN_UNREACHABLE_CODE = YES;
				CLANG_WARN__DUPLICATE_METHOD_MATCH = YES;
				COPY_PHASE_STRIP = NO;
				DEBUG_INFORMATION_FORMAT = dwarf;
				ENABLE_STRICT_OBJC_MSGSEND = YES;
				ENABLE_TESTABILITY = YES;
				GCC_C_LANGUAGE_STANDARD = gnu11;
				GCC_DYNAMIC_NO_PIC = NO;
				GCC_NO_COMMON_BLOCKS = YES;
				GCC_OPTIMIZATION_LEVEL = 0;
				GCC_PREPROCESSOR_DEFINITIONS = (
					"DEBUG=1",
					"$(inherited)",
				);
				GCC_WARN_64_TO_32_BIT_CONVERSION = YES;
				GCC_WARN_ABOUT_RETURN_TYPE = YES_ERROR;
				GCC_WARN_UNDECLARED_SELECTOR = YES;
				GCC_WARN_UNINITIALIZED_AUTOS = YES_AGGRESSIVE;
				GCC_WARN_UNUSED_FUNCTION = YES;
				GCC_WARN_UNUSED_VARIABLE = YES;
				IPHONEOS_DEPLOYMENT_TARGET = 13.5;
				MTL_ENABLE_DEBUG_INFO = INCLUDE_SOURCE;
				MTL_FAST_MATH = YES;
				ONLY_ACTIVE_ARCH = YES;
				SDKROOT = iphoneos;
				SWIFT_ACTIVE_COMPILATION_CONDITIONS = DEBUG;
				SWIFT_OPTIMIZATION_LEVEL = "-Onone";
			};
			name = Debug;
		};
		2877F6DF247D6E9600605677 /* Release */ = {
			isa = XCBuildConfiguration;
			buildSettings = {
				ALWAYS_SEARCH_USER_PATHS = NO;
				CLANG_ANALYZER_NONNULL = YES;
				CLANG_ANALYZER_NUMBER_OBJECT_CONVERSION = YES_AGGRESSIVE;
				CLANG_CXX_LANGUAGE_STANDARD = "gnu++14";
				CLANG_CXX_LIBRARY = "libc++";
				CLANG_ENABLE_MODULES = YES;
				CLANG_ENABLE_OBJC_ARC = YES;
				CLANG_ENABLE_OBJC_WEAK = YES;
				CLANG_WARN_BLOCK_CAPTURE_AUTORELEASING = YES;
				CLANG_WARN_BOOL_CONVERSION = YES;
				CLANG_WARN_COMMA = YES;
				CLANG_WARN_CONSTANT_CONVERSION = YES;
				CLANG_WARN_DEPRECATED_OBJC_IMPLEMENTATIONS = YES;
				CLANG_WARN_DIRECT_OBJC_ISA_USAGE = YES_ERROR;
				CLANG_WARN_DOCUMENTATION_COMMENTS = YES;
				CLANG_WARN_EMPTY_BODY = YES;
				CLANG_WARN_ENUM_CONVERSION = YES;
				CLANG_WARN_INFINITE_RECURSION = YES;
				CLANG_WARN_INT_CONVERSION = YES;
				CLANG_WARN_NON_LITERAL_NULL_CONVERSION = YES;
				CLANG_WARN_OBJC_IMPLICIT_RETAIN_SELF = YES;
				CLANG_WARN_OBJC_LITERAL_CONVERSION = YES;
				CLANG_WARN_OBJC_ROOT_CLASS = YES_ERROR;
				CLANG_WARN_RANGE_LOOP_ANALYSIS = YES;
				CLANG_WARN_STRICT_PROTOTYPES = YES;
				CLANG_WARN_SUSPICIOUS_MOVE = YES;
				CLANG_WARN_UNGUARDED_AVAILABILITY = YES_AGGRESSIVE;
				CLANG_WARN_UNREACHABLE_CODE = YES;
				CLANG_WARN__DUPLICATE_METHOD_MATCH = YES;
				COPY_PHASE_STRIP = NO;
				DEBUG_INFORMATION_FORMAT = "dwarf-with-dsym";
				ENABLE_NS_ASSERTIONS = NO;
				ENABLE_STRICT_OBJC_MSGSEND = YES;
				GCC_C_LANGUAGE_STANDARD = gnu11;
				GCC_NO_COMMON_BLOCKS = YES;
				GCC_WARN_64_TO_32_BIT_CONVERSION = YES;
				GCC_WARN_ABOUT_RETURN_TYPE = YES_ERROR;
				GCC_WARN_UNDECLARED_SELECTOR = YES;
				GCC_WARN_UNINITIALIZED_AUTOS = YES_AGGRESSIVE;
				GCC_WARN_UNUSED_FUNCTION = YES;
				GCC_WARN_UNUSED_VARIABLE = YES;
				IPHONEOS_DEPLOYMENT_TARGET = 13.5;
				MTL_ENABLE_DEBUG_INFO = NO;
				MTL_FAST_MATH = YES;
				SDKROOT = iphoneos;
				SWIFT_COMPILATION_MODE = wholemodule;
				SWIFT_OPTIMIZATION_LEVEL = "-O";
				VALIDATE_PRODUCT = YES;
			};
			name = Release;
		};
		2877F6E1247D6E9600605677 /* Debug */ = {
			isa = XCBuildConfiguration;
			baseConfigurationReference = D42E7B11D61BB525BAE85022 /* Pods-Appt.debug.xcconfig */;
			buildSettings = {
				ASSETCATALOG_COMPILER_APPICON_NAME = AppIcon;
				CODE_SIGN_STYLE = Automatic;
				DEVELOPMENT_TEAM = V984472TP8;
				INFOPLIST_FILE = Appt/Info.plist;
				IPHONEOS_DEPLOYMENT_TARGET = 13.4;
				LD_RUNPATH_SEARCH_PATHS = (
					"$(inherited)",
					"@executable_path/Frameworks",
				);
				MARKETING_VERSION = 1.0.0;
				PRODUCT_BUNDLE_IDENTIFIER = nl.appt;
				PRODUCT_NAME = appt;
				SWIFT_VERSION = 5.0;
				TARGETED_DEVICE_FAMILY = "1,2";
			};
			name = Debug;
		};
		2877F6E2247D6E9600605677 /* Release */ = {
			isa = XCBuildConfiguration;
			baseConfigurationReference = 7D62BB23F0FE76F21FDA1BE2 /* Pods-Appt.release.xcconfig */;
			buildSettings = {
				ASSETCATALOG_COMPILER_APPICON_NAME = AppIcon;
				CODE_SIGN_STYLE = Automatic;
				DEVELOPMENT_TEAM = V984472TP8;
				INFOPLIST_FILE = Appt/Info.plist;
				IPHONEOS_DEPLOYMENT_TARGET = 13.4;
				LD_RUNPATH_SEARCH_PATHS = (
					"$(inherited)",
					"@executable_path/Frameworks",
				);
				MARKETING_VERSION = 1.0.0;
				PRODUCT_BUNDLE_IDENTIFIER = nl.appt;
				PRODUCT_NAME = appt;
				SWIFT_VERSION = 5.0;
				TARGETED_DEVICE_FAMILY = "1,2";
			};
			name = Release;
		};
/* End XCBuildConfiguration section */

/* Begin XCConfigurationList section */
		2877F6C5247D6E9100605677 /* Build configuration list for PBXProject "Appt" */ = {
			isa = XCConfigurationList;
			buildConfigurations = (
				2877F6DE247D6E9600605677 /* Debug */,
				2877F6DF247D6E9600605677 /* Release */,
			);
			defaultConfigurationIsVisible = 0;
			defaultConfigurationName = Release;
		};
		2877F6E0247D6E9600605677 /* Build configuration list for PBXNativeTarget "Appt" */ = {
			isa = XCConfigurationList;
			buildConfigurations = (
				2877F6E1247D6E9600605677 /* Debug */,
				2877F6E2247D6E9600605677 /* Release */,
			);
			defaultConfigurationIsVisible = 0;
			defaultConfigurationName = Release;
		};
/* End XCConfigurationList section */
	};
	rootObject = 2877F6C2247D6E9100605677 /* Project object */;
}
